// !$*UTF8*$!
{
	archiveVersion = 1;
	classes = {
	};
	objectVersion = 50;
	objects = {

/* Begin PBXBuildFile section */
		82B5AA50255BFC8B00D528D5 /* AppDelegate.swift in Sources */ = {isa = PBXBuildFile; fileRef = 82B5AA4F255BFC8B00D528D5 /* AppDelegate.swift */; };
		82B5AA53255BFC8B00D528D5 /* Main.storyboard in Resources */ = {isa = PBXBuildFile; fileRef = 82B5AA51255BFC8B00D528D5 /* Main.storyboard */; };
		82B5AA55255BFC8B00D528D5 /* ViewController.swift in Sources */ = {isa = PBXBuildFile; fileRef = 82B5AA54255BFC8B00D528D5 /* ViewController.swift */; };
		82B5AA57255BFC8D00D528D5 /* Assets.xcassets in Resources */ = {isa = PBXBuildFile; fileRef = 82B5AA56255BFC8D00D528D5 /* Assets.xcassets */; };
		82B5AA5E255BFC8D00D528D5 /* hlidac shopu Extension.appex in Embed App Extensions */ = {isa = PBXBuildFile; fileRef = 82B5AA5D255BFC8D00D528D5 /* hlidac shopu Extension.appex */; settings = {ATTRIBUTES = (RemoveHeadersOnCopy, ); }; };
		82B5AA63255BFC8D00D528D5 /* Cocoa.framework in Frameworks */ = {isa = PBXBuildFile; fileRef = 82B5AA62255BFC8D00D528D5 /* Cocoa.framework */; };
		82B5AA66255BFC8D00D528D5 /* SafariWebExtensionHandler.swift in Sources */ = {isa = PBXBuildFile; fileRef = 82B5AA65255BFC8D00D528D5 /* SafariWebExtensionHandler.swift */; };
		82B5AA8B255BFCF300D528D5 /* popup in Resources */ = {isa = PBXBuildFile; fileRef = 82B5AA87255BFCF300D528D5 /* popup */; };
		82B5AA8C255BFCF300D528D5 /* manifest.json in Resources */ = {isa = PBXBuildFile; fileRef = 82B5AA88255BFCF300D528D5 /* manifest.json */; };
		82B5AA8D255BFCF300D528D5 /* content.js in Resources */ = {isa = PBXBuildFile; fileRef = 82B5AA89255BFCF300D528D5 /* content.js */; };
		82B5AA8E255BFCF300D528D5 /* _locales in Resources */ = {isa = PBXBuildFile; fileRef = 82B5AA8A255BFCF300D528D5 /* _locales */; };
		82B5AA92255BFD2400D528D5 /* icons in Resources */ = {isa = PBXBuildFile; fileRef = 82B5AA91255BFD2400D528D5 /* icons */; };
/* End PBXBuildFile section */

/* Begin PBXContainerItemProxy section */
		82B5AA5F255BFC8D00D528D5 /* PBXContainerItemProxy */ = {
			isa = PBXContainerItemProxy;
			containerPortal = 82B5AA43255BFC8B00D528D5 /* Project object */;
			proxyType = 1;
			remoteGlobalIDString = 82B5AA5C255BFC8D00D528D5;
			remoteInfo = "hlidac shopu Extension";
		};
/* End PBXContainerItemProxy section */

/* Begin PBXCopyFilesBuildPhase section */
		82B5AA7F255BFC8D00D528D5 /* Embed App Extensions */ = {
			isa = PBXCopyFilesBuildPhase;
			buildActionMask = 2147483647;
			dstPath = "";
			dstSubfolderSpec = 13;
			files = (
				82B5AA5E255BFC8D00D528D5 /* hlidac shopu Extension.appex in Embed App Extensions */,
			);
			name = "Embed App Extensions";
			runOnlyForDeploymentPostprocessing = 0;
		};
/* End PBXCopyFilesBuildPhase section */

/* Begin PBXFileReference section */
		82B5AA4B255BFC8B00D528D5 /* hlidac shopu.app */ = {isa = PBXFileReference; explicitFileType = wrapper.application; includeInIndex = 0; path = "hlidac shopu.app"; sourceTree = BUILT_PRODUCTS_DIR; };
		82B5AA4E255BFC8B00D528D5 /* hlidac_shopu.entitlements */ = {isa = PBXFileReference; lastKnownFileType = text.plist.entitlements; path = hlidac_shopu.entitlements; sourceTree = "<group>"; };
		82B5AA4F255BFC8B00D528D5 /* AppDelegate.swift */ = {isa = PBXFileReference; lastKnownFileType = sourcecode.swift; path = AppDelegate.swift; sourceTree = "<group>"; };
		82B5AA52255BFC8B00D528D5 /* Base */ = {isa = PBXFileReference; lastKnownFileType = file.storyboard; name = Base; path = Base.lproj/Main.storyboard; sourceTree = "<group>"; };
		82B5AA54255BFC8B00D528D5 /* ViewController.swift */ = {isa = PBXFileReference; lastKnownFileType = sourcecode.swift; path = ViewController.swift; sourceTree = "<group>"; };
		82B5AA56255BFC8D00D528D5 /* Assets.xcassets */ = {isa = PBXFileReference; lastKnownFileType = folder.assetcatalog; path = Assets.xcassets; sourceTree = "<group>"; };
		82B5AA58255BFC8D00D528D5 /* Info.plist */ = {isa = PBXFileReference; lastKnownFileType = text.plist.xml; path = Info.plist; sourceTree = "<group>"; };
		82B5AA5D255BFC8D00D528D5 /* hlidac shopu Extension.appex */ = {isa = PBXFileReference; explicitFileType = "wrapper.app-extension"; includeInIndex = 0; path = "hlidac shopu Extension.appex"; sourceTree = BUILT_PRODUCTS_DIR; };
		82B5AA62255BFC8D00D528D5 /* Cocoa.framework */ = {isa = PBXFileReference; lastKnownFileType = wrapper.framework; name = Cocoa.framework; path = System/Library/Frameworks/Cocoa.framework; sourceTree = SDKROOT; };
		82B5AA65255BFC8D00D528D5 /* SafariWebExtensionHandler.swift */ = {isa = PBXFileReference; lastKnownFileType = sourcecode.swift; path = SafariWebExtensionHandler.swift; sourceTree = "<group>"; };
		82B5AA78255BFC8D00D528D5 /* Info.plist */ = {isa = PBXFileReference; lastKnownFileType = text.plist.xml; path = Info.plist; sourceTree = "<group>"; };
		82B5AA79255BFC8D00D528D5 /* hlidac_shopu_Extension.entitlements */ = {isa = PBXFileReference; lastKnownFileType = text.plist.entitlements; path = hlidac_shopu_Extension.entitlements; sourceTree = "<group>"; };
		82B5AA87255BFCF300D528D5 /* popup */ = {isa = PBXFileReference; lastKnownFileType = folder; name = popup; path = ../../../../../extension/popup; sourceTree = "<group>"; };
		82B5AA88255BFCF300D528D5 /* manifest.json */ = {isa = PBXFileReference; fileEncoding = 4; lastKnownFileType = text.json; name = manifest.json; path = ../../../../../extension/manifest.json; sourceTree = "<group>"; };
		82B5AA89255BFCF300D528D5 /* content.js */ = {isa = PBXFileReference; fileEncoding = 4; lastKnownFileType = sourcecode.javascript; name = content.js; path = ../../../../../extension/content.js; sourceTree = "<group>"; };
		82B5AA8A255BFCF300D528D5 /* _locales */ = {isa = PBXFileReference; lastKnownFileType = folder; name = _locales; path = ../../../../../extension/_locales; sourceTree = "<group>"; };
		82B5AA91255BFD2400D528D5 /* icons */ = {isa = PBXFileReference; lastKnownFileType = folder; name = icons; path = ../../../../../extension/icons; sourceTree = "<group>"; };
/* End PBXFileReference section */

/* Begin PBXFrameworksBuildPhase section */
		82B5AA48255BFC8B00D528D5 /* Frameworks */ = {
			isa = PBXFrameworksBuildPhase;
			buildActionMask = 2147483647;
			files = (
			);
			runOnlyForDeploymentPostprocessing = 0;
		};
		82B5AA5A255BFC8D00D528D5 /* Frameworks */ = {
			isa = PBXFrameworksBuildPhase;
			buildActionMask = 2147483647;
			files = (
				82B5AA63255BFC8D00D528D5 /* Cocoa.framework in Frameworks */,
			);
			runOnlyForDeploymentPostprocessing = 0;
		};
/* End PBXFrameworksBuildPhase section */

/* Begin PBXGroup section */
		82B5AA42255BFC8B00D528D5 = {
			isa = PBXGroup;
			children = (
				82B5AA4D255BFC8B00D528D5 /* hlidac shopu */,
				82B5AA64255BFC8D00D528D5 /* hlidac shopu Extension */,
				82B5AA61255BFC8D00D528D5 /* Frameworks */,
				82B5AA4C255BFC8B00D528D5 /* Products */,
			);
			sourceTree = "<group>";
		};
		82B5AA4C255BFC8B00D528D5 /* Products */ = {
			isa = PBXGroup;
			children = (
				82B5AA4B255BFC8B00D528D5 /* hlidac shopu.app */,
				82B5AA5D255BFC8D00D528D5 /* hlidac shopu Extension.appex */,
			);
			name = Products;
			sourceTree = "<group>";
		};
		82B5AA4D255BFC8B00D528D5 /* hlidac shopu */ = {
			isa = PBXGroup;
			children = (
				82B5AA4E255BFC8B00D528D5 /* hlidac_shopu.entitlements */,
				82B5AA4F255BFC8B00D528D5 /* AppDelegate.swift */,
				82B5AA51255BFC8B00D528D5 /* Main.storyboard */,
				82B5AA54255BFC8B00D528D5 /* ViewController.swift */,
				82B5AA56255BFC8D00D528D5 /* Assets.xcassets */,
				82B5AA58255BFC8D00D528D5 /* Info.plist */,
			);
			path = "hlidac shopu";
			sourceTree = "<group>";
		};
		82B5AA61255BFC8D00D528D5 /* Frameworks */ = {
			isa = PBXGroup;
			children = (
				82B5AA62255BFC8D00D528D5 /* Cocoa.framework */,
			);
			name = Frameworks;
			sourceTree = "<group>";
		};
		82B5AA64255BFC8D00D528D5 /* hlidac shopu Extension */ = {
			isa = PBXGroup;
			children = (
				82B5AA65255BFC8D00D528D5 /* SafariWebExtensionHandler.swift */,
				82B5AA78255BFC8D00D528D5 /* Info.plist */,
				82B5AA79255BFC8D00D528D5 /* hlidac_shopu_Extension.entitlements */,
				82B5AA67255BFC8D00D528D5 /* Resources */,
			);
			path = "hlidac shopu Extension";
			sourceTree = "<group>";
		};
		82B5AA67255BFC8D00D528D5 /* Resources */ = {
			isa = PBXGroup;
			children = (
				82B5AA91255BFD2400D528D5 /* icons */,
				82B5AA8A255BFCF300D528D5 /* _locales */,
				82B5AA89255BFCF300D528D5 /* content.js */,
				82B5AA88255BFCF300D528D5 /* manifest.json */,
				82B5AA87255BFCF300D528D5 /* popup */,
			);
			path = Resources;
			sourceTree = "<group>";
		};
/* End PBXGroup section */

/* Begin PBXNativeTarget section */
		82B5AA4A255BFC8B00D528D5 /* hlidac shopu */ = {
			isa = PBXNativeTarget;
			buildConfigurationList = 82B5AA80255BFC8D00D528D5 /* Build configuration list for PBXNativeTarget "hlidac shopu" */;
			buildPhases = (
				82B5AA47255BFC8B00D528D5 /* Sources */,
				82B5AA48255BFC8B00D528D5 /* Frameworks */,
				82B5AA49255BFC8B00D528D5 /* Resources */,
				82B5AA7F255BFC8D00D528D5 /* Embed App Extensions */,
			);
			buildRules = (
			);
			dependencies = (
				82B5AA60255BFC8D00D528D5 /* PBXTargetDependency */,
			);
			name = "hlidac shopu";
			productName = "hlidac shopu";
			productReference = 82B5AA4B255BFC8B00D528D5 /* hlidac shopu.app */;
			productType = "com.apple.product-type.application";
		};
		82B5AA5C255BFC8D00D528D5 /* hlidac shopu Extension */ = {
			isa = PBXNativeTarget;
			buildConfigurationList = 82B5AA7C255BFC8D00D528D5 /* Build configuration list for PBXNativeTarget "hlidac shopu Extension" */;
			buildPhases = (
				82B5AA59255BFC8D00D528D5 /* Sources */,
				82B5AA5A255BFC8D00D528D5 /* Frameworks */,
				82B5AA5B255BFC8D00D528D5 /* Resources */,
			);
			buildRules = (
			);
			dependencies = (
			);
			name = "hlidac shopu Extension";
			productName = "hlidac shopu Extension";
			productReference = 82B5AA5D255BFC8D00D528D5 /* hlidac shopu Extension.appex */;
			productType = "com.apple.product-type.app-extension";
		};
/* End PBXNativeTarget section */

/* Begin PBXProject section */
		82B5AA43255BFC8B00D528D5 /* Project object */ = {
			isa = PBXProject;
			attributes = {
				LastSwiftUpdateCheck = 1210;
				LastUpgradeCheck = 1210;
				TargetAttributes = {
					82B5AA4A255BFC8B00D528D5 = {
						CreatedOnToolsVersion = 12.1;
					};
					82B5AA5C255BFC8D00D528D5 = {
						CreatedOnToolsVersion = 12.1;
					};
				};
			};
			buildConfigurationList = 82B5AA46255BFC8B00D528D5 /* Build configuration list for PBXProject "hlidac shopu" */;
			compatibilityVersion = "Xcode 9.3";
			developmentRegion = en;
			hasScannedForEncodings = 0;
			knownRegions = (
				en,
				Base,
			);
			mainGroup = 82B5AA42255BFC8B00D528D5;
			productRefGroup = 82B5AA4C255BFC8B00D528D5 /* Products */;
			projectDirPath = "";
			projectRoot = "";
			targets = (
				82B5AA4A255BFC8B00D528D5 /* hlidac shopu */,
				82B5AA5C255BFC8D00D528D5 /* hlidac shopu Extension */,
			);
		};
/* End PBXProject section */

/* Begin PBXResourcesBuildPhase section */
		82B5AA49255BFC8B00D528D5 /* Resources */ = {
			isa = PBXResourcesBuildPhase;
			buildActionMask = 2147483647;
			files = (
				82B5AA57255BFC8D00D528D5 /* Assets.xcassets in Resources */,
				82B5AA53255BFC8B00D528D5 /* Main.storyboard in Resources */,
			);
			runOnlyForDeploymentPostprocessing = 0;
		};
		82B5AA5B255BFC8D00D528D5 /* Resources */ = {
			isa = PBXResourcesBuildPhase;
			buildActionMask = 2147483647;
			files = (
				82B5AA8D255BFCF300D528D5 /* content.js in Resources */,
				82B5AA8C255BFCF300D528D5 /* manifest.json in Resources */,
				82B5AA8E255BFCF300D528D5 /* _locales in Resources */,
				82B5AA92255BFD2400D528D5 /* icons in Resources */,
				82B5AA8B255BFCF300D528D5 /* popup in Resources */,
			);
			runOnlyForDeploymentPostprocessing = 0;
		};
/* End PBXResourcesBuildPhase section */

/* Begin PBXSourcesBuildPhase section */
		82B5AA47255BFC8B00D528D5 /* Sources */ = {
			isa = PBXSourcesBuildPhase;
			buildActionMask = 2147483647;
			files = (
				82B5AA55255BFC8B00D528D5 /* ViewController.swift in Sources */,
				82B5AA50255BFC8B00D528D5 /* AppDelegate.swift in Sources */,
			);
			runOnlyForDeploymentPostprocessing = 0;
		};
		82B5AA59255BFC8D00D528D5 /* Sources */ = {
			isa = PBXSourcesBuildPhase;
			buildActionMask = 2147483647;
			files = (
				82B5AA66255BFC8D00D528D5 /* SafariWebExtensionHandler.swift in Sources */,
			);
			runOnlyForDeploymentPostprocessing = 0;
		};
/* End PBXSourcesBuildPhase section */

/* Begin PBXTargetDependency section */
		82B5AA60255BFC8D00D528D5 /* PBXTargetDependency */ = {
			isa = PBXTargetDependency;
			target = 82B5AA5C255BFC8D00D528D5 /* hlidac shopu Extension */;
			targetProxy = 82B5AA5F255BFC8D00D528D5 /* PBXContainerItemProxy */;
		};
/* End PBXTargetDependency section */

/* Begin PBXVariantGroup section */
		82B5AA51255BFC8B00D528D5 /* Main.storyboard */ = {
			isa = PBXVariantGroup;
			children = (
				82B5AA52255BFC8B00D528D5 /* Base */,
			);
			name = Main.storyboard;
			sourceTree = "<group>";
		};
/* End PBXVariantGroup section */

/* Begin XCBuildConfiguration section */
		82B5AA7A255BFC8D00D528D5 /* Debug */ = {
			isa = XCBuildConfiguration;
			buildSettings = {
				ALWAYS_SEARCH_USER_PATHS = NO;
				CLANG_ANALYZER_NONNULL = YES;
				CLANG_ANALYZER_NUMBER_OBJECT_CONVERSION = YES_AGGRESSIVE;
				CLANG_CXX_LANGUAGE_STANDARD = "gnu++14";
				CLANG_CXX_LIBRARY = "libc++";
				CLANG_ENABLE_MODULES = YES;
				CLANG_ENABLE_OBJC_ARC = YES;
				CLANG_ENABLE_OBJC_WEAK = YES;
				CLANG_WARN_BLOCK_CAPTURE_AUTORELEASING = YES;
				CLANG_WARN_BOOL_CONVERSION = YES;
				CLANG_WARN_COMMA = YES;
				CLANG_WARN_CONSTANT_CONVERSION = YES;
				CLANG_WARN_DEPRECATED_OBJC_IMPLEMENTATIONS = YES;
				CLANG_WARN_DIRECT_OBJC_ISA_USAGE = YES_ERROR;
				CLANG_WARN_DOCUMENTATION_COMMENTS = YES;
				CLANG_WARN_EMPTY_BODY = YES;
				CLANG_WARN_ENUM_CONVERSION = YES;
				CLANG_WARN_INFINITE_RECURSION = YES;
				CLANG_WARN_INT_CONVERSION = YES;
				CLANG_WARN_NON_LITERAL_NULL_CONVERSION = YES;
				CLANG_WARN_OBJC_IMPLICIT_RETAIN_SELF = YES;
				CLANG_WARN_OBJC_LITERAL_CONVERSION = YES;
				CLANG_WARN_OBJC_ROOT_CLASS = YES_ERROR;
				CLANG_WARN_QUOTED_INCLUDE_IN_FRAMEWORK_HEADER = YES;
				CLANG_WARN_RANGE_LOOP_ANALYSIS = YES;
				CLANG_WARN_STRICT_PROTOTYPES = YES;
				CLANG_WARN_SUSPICIOUS_MOVE = YES;
				CLANG_WARN_UNGUARDED_AVAILABILITY = YES_AGGRESSIVE;
				CLANG_WARN_UNREACHABLE_CODE = YES;
				CLANG_WARN__DUPLICATE_METHOD_MATCH = YES;
				COPY_PHASE_STRIP = NO;
				DEBUG_INFORMATION_FORMAT = dwarf;
				ENABLE_STRICT_OBJC_MSGSEND = YES;
				ENABLE_TESTABILITY = YES;
				GCC_C_LANGUAGE_STANDARD = gnu11;
				GCC_DYNAMIC_NO_PIC = NO;
				GCC_NO_COMMON_BLOCKS = YES;
				GCC_OPTIMIZATION_LEVEL = 0;
				GCC_PREPROCESSOR_DEFINITIONS = (
					"DEBUG=1",
					"$(inherited)",
				);
				GCC_WARN_64_TO_32_BIT_CONVERSION = YES;
				GCC_WARN_ABOUT_RETURN_TYPE = YES_ERROR;
				GCC_WARN_UNDECLARED_SELECTOR = YES;
				GCC_WARN_UNINITIALIZED_AUTOS = YES_AGGRESSIVE;
				GCC_WARN_UNUSED_FUNCTION = YES;
				GCC_WARN_UNUSED_VARIABLE = YES;
				MACOSX_DEPLOYMENT_TARGET = 10.15;
				MTL_ENABLE_DEBUG_INFO = INCLUDE_SOURCE;
				MTL_FAST_MATH = YES;
				ONLY_ACTIVE_ARCH = YES;
				SDKROOT = macosx;
				SWIFT_ACTIVE_COMPILATION_CONDITIONS = DEBUG;
				SWIFT_OPTIMIZATION_LEVEL = "-Onone";
			};
			name = Debug;
		};
		82B5AA7B255BFC8D00D528D5 /* Release */ = {
			isa = XCBuildConfiguration;
			buildSettings = {
				ALWAYS_SEARCH_USER_PATHS = NO;
				CLANG_ANALYZER_NONNULL = YES;
				CLANG_ANALYZER_NUMBER_OBJECT_CONVERSION = YES_AGGRESSIVE;
				CLANG_CXX_LANGUAGE_STANDARD = "gnu++14";
				CLANG_CXX_LIBRARY = "libc++";
				CLANG_ENABLE_MODULES = YES;
				CLANG_ENABLE_OBJC_ARC = YES;
				CLANG_ENABLE_OBJC_WEAK = YES;
				CLANG_WARN_BLOCK_CAPTURE_AUTORELEASING = YES;
				CLANG_WARN_BOOL_CONVERSION = YES;
				CLANG_WARN_COMMA = YES;
				CLANG_WARN_CONSTANT_CONVERSION = YES;
				CLANG_WARN_DEPRECATED_OBJC_IMPLEMENTATIONS = YES;
				CLANG_WARN_DIRECT_OBJC_ISA_USAGE = YES_ERROR;
				CLANG_WARN_DOCUMENTATION_COMMENTS = YES;
				CLANG_WARN_EMPTY_BODY = YES;
				CLANG_WARN_ENUM_CONVERSION = YES;
				CLANG_WARN_INFINITE_RECURSION = YES;
				CLANG_WARN_INT_CONVERSION = YES;
				CLANG_WARN_NON_LITERAL_NULL_CONVERSION = YES;
				CLANG_WARN_OBJC_IMPLICIT_RETAIN_SELF = YES;
				CLANG_WARN_OBJC_LITERAL_CONVERSION = YES;
				CLANG_WARN_OBJC_ROOT_CLASS = YES_ERROR;
				CLANG_WARN_QUOTED_INCLUDE_IN_FRAMEWORK_HEADER = YES;
				CLANG_WARN_RANGE_LOOP_ANALYSIS = YES;
				CLANG_WARN_STRICT_PROTOTYPES = YES;
				CLANG_WARN_SUSPICIOUS_MOVE = YES;
				CLANG_WARN_UNGUARDED_AVAILABILITY = YES_AGGRESSIVE;
				CLANG_WARN_UNREACHABLE_CODE = YES;
				CLANG_WARN__DUPLICATE_METHOD_MATCH = YES;
				COPY_PHASE_STRIP = NO;
				DEBUG_INFORMATION_FORMAT = "dwarf-with-dsym";
				ENABLE_NS_ASSERTIONS = NO;
				ENABLE_STRICT_OBJC_MSGSEND = YES;
				GCC_C_LANGUAGE_STANDARD = gnu11;
				GCC_NO_COMMON_BLOCKS = YES;
				GCC_WARN_64_TO_32_BIT_CONVERSION = YES;
				GCC_WARN_ABOUT_RETURN_TYPE = YES_ERROR;
				GCC_WARN_UNDECLARED_SELECTOR = YES;
				GCC_WARN_UNINITIALIZED_AUTOS = YES_AGGRESSIVE;
				GCC_WARN_UNUSED_FUNCTION = YES;
				GCC_WARN_UNUSED_VARIABLE = YES;
				MACOSX_DEPLOYMENT_TARGET = 10.15;
				MTL_ENABLE_DEBUG_INFO = NO;
				MTL_FAST_MATH = YES;
				SDKROOT = macosx;
				SWIFT_COMPILATION_MODE = wholemodule;
				SWIFT_OPTIMIZATION_LEVEL = "-O";
			};
			name = Release;
		};
		82B5AA7D255BFC8D00D528D5 /* Debug */ = {
			isa = XCBuildConfiguration;
			buildSettings = {
				CODE_SIGN_ENTITLEMENTS = "hlidac shopu Extension/hlidac_shopu_Extension.entitlements";
				CODE_SIGN_IDENTITY = "Apple Distribution";
				CODE_SIGN_STYLE = Manual;
				DEVELOPMENT_TEAM = 8P5697C5H7;
				ENABLE_HARDENED_RUNTIME = YES;
				INFOPLIST_FILE = "hlidac shopu Extension/Info.plist";
				LD_RUNPATH_SEARCH_PATHS = (
					"$(inherited)",
					"@executable_path/../Frameworks",
					"@executable_path/../../../../Frameworks",
				);
				MACOSX_DEPLOYMENT_TARGET = 10.14;
				PRODUCT_BUNDLE_IDENTIFIER = "com.topmonks.hlidac-shopu.extension";
				PRODUCT_NAME = "$(TARGET_NAME)";
				PROVISIONING_PROFILE_SPECIFIER = "";
				SKIP_INSTALL = YES;
				SWIFT_VERSION = 5.0;
			};
			name = Debug;
		};
		82B5AA7E255BFC8D00D528D5 /* Release */ = {
			isa = XCBuildConfiguration;
			buildSettings = {
				CODE_SIGN_ENTITLEMENTS = "hlidac shopu Extension/hlidac_shopu_Extension.entitlements";
				CODE_SIGN_IDENTITY = "Apple Distribution";
				CODE_SIGN_STYLE = Manual;
				DEVELOPMENT_TEAM = 8P5697C5H7;
				ENABLE_HARDENED_RUNTIME = YES;
				INFOPLIST_FILE = "hlidac shopu Extension/Info.plist";
				LD_RUNPATH_SEARCH_PATHS = (
					"$(inherited)",
					"@executable_path/../Frameworks",
					"@executable_path/../../../../Frameworks",
				);
				MACOSX_DEPLOYMENT_TARGET = 10.14;
				PRODUCT_BUNDLE_IDENTIFIER = "com.topmonks.hlidac-shopu.extension";
				PRODUCT_NAME = "$(TARGET_NAME)";
				PROVISIONING_PROFILE_SPECIFIER = "";
				SKIP_INSTALL = YES;
				SWIFT_VERSION = 5.0;
			};
			name = Release;
		};
		82B5AA81255BFC8D00D528D5 /* Debug */ = {
			isa = XCBuildConfiguration;
			buildSettings = {
				ALWAYS_EMBED_SWIFT_STANDARD_LIBRARIES = YES;
				ASSETCATALOG_COMPILER_APPICON_NAME = AppIcon;
				ASSETCATALOG_COMPILER_GLOBAL_ACCENT_COLOR_NAME = AccentColor;
				CODE_SIGN_ENTITLEMENTS = "hlidac shopu/hlidac_shopu.entitlements";
				CODE_SIGN_IDENTITY = "3rd Party Mac Developer Application";
				CODE_SIGN_STYLE = Manual;
				COMBINE_HIDPI_IMAGES = YES;
				CURRENT_PROJECT_VERSION = 32;
				DEVELOPMENT_TEAM = 8P5697C5H7;
				ENABLE_HARDENED_RUNTIME = YES;
				INFOPLIST_FILE = "hlidac shopu/Info.plist";
				LD_RUNPATH_SEARCH_PATHS = (
					"$(inherited)",
					"@executable_path/../Frameworks",
				);
				MACOSX_DEPLOYMENT_TARGET = 10.14;
				PRODUCT_BUNDLE_IDENTIFIER = "com.topmonks.hlidac-shopu";
				PRODUCT_NAME = "$(TARGET_NAME)";
				PROVISIONING_PROFILE_SPECIFIER = "match AppStore com.topmonks.hlidac-shopu macos";
				SWIFT_VERSION = 5.0;
			};
			name = Debug;
		};
		82B5AA82255BFC8D00D528D5 /* Release */ = {
			isa = XCBuildConfiguration;
			buildSettings = {
				ALWAYS_EMBED_SWIFT_STANDARD_LIBRARIES = YES;
				ASSETCATALOG_COMPILER_APPICON_NAME = AppIcon;
				ASSETCATALOG_COMPILER_GLOBAL_ACCENT_COLOR_NAME = AccentColor;
				CODE_SIGN_ENTITLEMENTS = "hlidac shopu/hlidac_shopu.entitlements";
				CODE_SIGN_IDENTITY = "3rd Party Mac Developer Application";
				CODE_SIGN_STYLE = Manual;
				COMBINE_HIDPI_IMAGES = YES;
				CURRENT_PROJECT_VERSION = 32;
				DEVELOPMENT_TEAM = 8P5697C5H7;
				ENABLE_HARDENED_RUNTIME = YES;
				INFOPLIST_FILE = "hlidac shopu/Info.plist";
				LD_RUNPATH_SEARCH_PATHS = (
					"$(inherited)",
					"@executable_path/../Frameworks",
				);
				MACOSX_DEPLOYMENT_TARGET = 10.14;
				PRODUCT_BUNDLE_IDENTIFIER = "com.topmonks.hlidac-shopu";
				PRODUCT_NAME = "$(TARGET_NAME)";
				PROVISIONING_PROFILE_SPECIFIER = "match AppStore com.topmonks.hlidac-shopu macos";
				SWIFT_VERSION = 5.0;
			};
			name = Release;
		};
/* End XCBuildConfiguration section */

/* Begin XCConfigurationList section */
		82B5AA46255BFC8B00D528D5 /* Build configuration list for PBXProject "hlidac shopu" */ = {
			isa = XCConfigurationList;
			buildConfigurations = (
				82B5AA7A255BFC8D00D528D5 /* Debug */,
				82B5AA7B255BFC8D00D528D5 /* Release */,
			);
			defaultConfigurationIsVisible = 0;
			defaultConfigurationName = Release;
		};
		82B5AA7C255BFC8D00D528D5 /* Build configuration list for PBXNativeTarget "hlidac shopu Extension" */ = {
			isa = XCConfigurationList;
			buildConfigurations = (
				82B5AA7D255BFC8D00D528D5 /* Debug */,
				82B5AA7E255BFC8D00D528D5 /* Release */,
			);
			defaultConfigurationIsVisible = 0;
			defaultConfigurationName = Release;
		};
		82B5AA80255BFC8D00D528D5 /* Build configuration list for PBXNativeTarget "hlidac shopu" */ = {
			isa = XCConfigurationList;
			buildConfigurations = (
				82B5AA81255BFC8D00D528D5 /* Debug */,
				82B5AA82255BFC8D00D528D5 /* Release */,
			);
			defaultConfigurationIsVisible = 0;
			defaultConfigurationName = Release;
		};
/* End XCConfigurationList section */
	};
	rootObject = 82B5AA43255BFC8B00D528D5 /* Project object */;
}
