// !$*UTF8*$!
{
	archiveVersion = 1;
	classes = {
	};
	objectVersion = 50;
	objects = {

/* Begin PBXBuildFile section */
		8214B57A2397B3A70068C025 /* AppDelegate.swift in Sources */ = {isa = PBXBuildFile; fileRef = 8214B5792397B3A70068C025 /* AppDelegate.swift */; };
		8214B57C2397B3A70068C025 /* SceneDelegate.swift in Sources */ = {isa = PBXBuildFile; fileRef = 8214B57B2397B3A70068C025 /* SceneDelegate.swift */; };
		8214B57E2397B3A70068C025 /* ViewController.swift in Sources */ = {isa = PBXBuildFile; fileRef = 8214B57D2397B3A70068C025 /* ViewController.swift */; };
		8214B5812397B3A70068C025 /* Main.storyboard in Resources */ = {isa = PBXBuildFile; fileRef = 8214B57F2397B3A70068C025 /* Main.storyboard */; };
		8214B5832397B3A80068C025 /* Assets.xcassets in Resources */ = {isa = PBXBuildFile; fileRef = 8214B5822397B3A80068C025 /* Assets.xcassets */; };
		8214B5862397B3A80068C025 /* LaunchScreen.storyboard in Resources */ = {isa = PBXBuildFile; fileRef = 8214B5842397B3A80068C025 /* LaunchScreen.storyboard */; };
/* End PBXBuildFile section */

/* Begin PBXFileReference section */
		8214B5762397B3A70068C025 /* hlidac-shopu.app */ = {isa = PBXFileReference; explicitFileType = wrapper.application; includeInIndex = 0; path = "hlidac-shopu.app"; sourceTree = BUILT_PRODUCTS_DIR; };
		8214B5792397B3A70068C025 /* AppDelegate.swift */ = {isa = PBXFileReference; lastKnownFileType = sourcecode.swift; path = AppDelegate.swift; sourceTree = "<group>"; };
		8214B57B2397B3A70068C025 /* SceneDelegate.swift */ = {isa = PBXFileReference; lastKnownFileType = sourcecode.swift; path = SceneDelegate.swift; sourceTree = "<group>"; };
		8214B57D2397B3A70068C025 /* ViewController.swift */ = {isa = PBXFileReference; lastKnownFileType = sourcecode.swift; path = ViewController.swift; sourceTree = "<group>"; };
		8214B5802397B3A70068C025 /* Base */ = {isa = PBXFileReference; lastKnownFileType = file.storyboard; name = Base; path = Base.lproj/Main.storyboard; sourceTree = "<group>"; };
		8214B5822397B3A80068C025 /* Assets.xcassets */ = {isa = PBXFileReference; lastKnownFileType = folder.assetcatalog; path = Assets.xcassets; sourceTree = "<group>"; };
		8214B5852397B3A80068C025 /* Base */ = {isa = PBXFileReference; lastKnownFileType = file.storyboard; name = Base; path = Base.lproj/LaunchScreen.storyboard; sourceTree = "<group>"; };
		8214B5872397B3A80068C025 /* Info.plist */ = {isa = PBXFileReference; lastKnownFileType = text.plist.xml; path = Info.plist; sourceTree = "<group>"; };
/* End PBXFileReference section */

/* Begin PBXFrameworksBuildPhase section */
		8214B5732397B3A70068C025 /* Frameworks */ = {
			isa = PBXFrameworksBuildPhase;
			buildActionMask = 2147483647;
			files = (
			);
			runOnlyForDeploymentPostprocessing = 0;
		};
/* End PBXFrameworksBuildPhase section */

/* Begin PBXGroup section */
		8214B56D2397B3A70068C025 = {
			isa = PBXGroup;
			children = (
				8214B5782397B3A70068C025 /* hlidac-shopu */,
				8214B5772397B3A70068C025 /* Products */,
			);
			sourceTree = "<group>";
		};
		8214B5772397B3A70068C025 /* Products */ = {
			isa = PBXGroup;
			children = (
				8214B5762397B3A70068C025 /* hlidac-shopu.app */,
			);
			name = Products;
			sourceTree = "<group>";
		};
		8214B5782397B3A70068C025 /* hlidac-shopu */ = {
			isa = PBXGroup;
			children = (
				8214B5792397B3A70068C025 /* AppDelegate.swift */,
				8214B57B2397B3A70068C025 /* SceneDelegate.swift */,
				8214B57D2397B3A70068C025 /* ViewController.swift */,
				8214B57F2397B3A70068C025 /* Main.storyboard */,
				8214B5822397B3A80068C025 /* Assets.xcassets */,
				8214B5842397B3A80068C025 /* LaunchScreen.storyboard */,
				8214B5872397B3A80068C025 /* Info.plist */,
			);
			path = "hlidac-shopu";
			sourceTree = "<group>";
		};
/* End PBXGroup section */

/* Begin PBXNativeTarget section */
		8214B5752397B3A70068C025 /* hlidac-shopu */ = {
			isa = PBXNativeTarget;
			buildConfigurationList = 8214B58A2397B3A80068C025 /* Build configuration list for PBXNativeTarget "hlidac-shopu" */;
			buildPhases = (
				8214B5722397B3A70068C025 /* Sources */,
				8214B5732397B3A70068C025 /* Frameworks */,
				8214B5742397B3A70068C025 /* Resources */,
			);
			buildRules = (
			);
			dependencies = (
			);
			name = "hlidac-shopu";
			productName = "hlidac-shopu";
			productReference = 8214B5762397B3A70068C025 /* hlidac-shopu.app */;
			productType = "com.apple.product-type.application";
		};
/* End PBXNativeTarget section */

/* Begin PBXProject section */
		8214B56E2397B3A70068C025 /* Project object */ = {
			isa = PBXProject;
			attributes = {
				LastSwiftUpdateCheck = 1120;
				LastUpgradeCheck = 1120;
				ORGANIZATIONNAME = TopMonks;
				TargetAttributes = {
					8214B5752397B3A70068C025 = {
						CreatedOnToolsVersion = 11.2.1;
					};
				};
			};
			buildConfigurationList = 8214B5712397B3A70068C025 /* Build configuration list for PBXProject "hlidac-shopu" */;
			compatibilityVersion = "Xcode 9.3";
			developmentRegion = en;
			hasScannedForEncodings = 0;
			knownRegions = (
				en,
				Base,
			);
			mainGroup = 8214B56D2397B3A70068C025;
			productRefGroup = 8214B5772397B3A70068C025 /* Products */;
			projectDirPath = "";
			projectRoot = "";
			targets = (
				8214B5752397B3A70068C025 /* hlidac-shopu */,
			);
		};
/* End PBXProject section */

/* Begin PBXResourcesBuildPhase section */
		8214B5742397B3A70068C025 /* Resources */ = {
			isa = PBXResourcesBuildPhase;
			buildActionMask = 2147483647;
			files = (
				8214B5862397B3A80068C025 /* LaunchScreen.storyboard in Resources */,
				8214B5832397B3A80068C025 /* Assets.xcassets in Resources */,
				8214B5812397B3A70068C025 /* Main.storyboard in Resources */,
			);
			runOnlyForDeploymentPostprocessing = 0;
		};
/* End PBXResourcesBuildPhase section */

/* Begin PBXSourcesBuildPhase section */
		8214B5722397B3A70068C025 /* Sources */ = {
			isa = PBXSourcesBuildPhase;
			buildActionMask = 2147483647;
			files = (
				8214B57E2397B3A70068C025 /* ViewController.swift in Sources */,
				8214B57A2397B3A70068C025 /* AppDelegate.swift in Sources */,
				8214B57C2397B3A70068C025 /* SceneDelegate.swift in Sources */,
			);
			runOnlyForDeploymentPostprocessing = 0;
		};
/* End PBXSourcesBuildPhase section */

/* Begin PBXVariantGroup section */
		8214B57F2397B3A70068C025 /* Main.storyboard */ = {
			isa = PBXVariantGroup;
			children = (
				8214B5802397B3A70068C025 /* Base */,
			);
			name = Main.storyboard;
			sourceTree = "<group>";
		};
		8214B5842397B3A80068C025 /* LaunchScreen.storyboard */ = {
			isa = PBXVariantGroup;
			children = (
				8214B5852397B3A80068C025 /* Base */,
			);
			name = LaunchScreen.storyboard;
			sourceTree = "<group>";
		};
/* End PBXVariantGroup section */

/* Begin XCBuildConfiguration section */
		8214B5882397B3A80068C025 /* Debug */ = {
			isa = XCBuildConfiguration;
			buildSettings = {
				ALWAYS_SEARCH_USER_PATHS = NO;
				CLANG_ANALYZER_NONNULL = YES;
				CLANG_ANALYZER_NUMBER_OBJECT_CONVERSION = YES_AGGRESSIVE;
				CLANG_CXX_LANGUAGE_STANDARD = "gnu++14";
				CLANG_CXX_LIBRARY = "libc++";
				CLANG_ENABLE_MODULES = YES;
				CLANG_ENABLE_OBJC_ARC = YES;
				CLANG_ENABLE_OBJC_WEAK = YES;
				CLANG_WARN_BLOCK_CAPTURE_AUTORELEASING = YES;
				CLANG_WARN_BOOL_CONVERSION = YES;
				CLANG_WARN_COMMA = YES;
				CLANG_WARN_CONSTANT_CONVERSION = YES;
				CLANG_WARN_DEPRECATED_OBJC_IMPLEMENTATIONS = YES;
				CLANG_WARN_DIRECT_OBJC_ISA_USAGE = YES_ERROR;
				CLANG_WARN_DOCUMENTATION_COMMENTS = YES;
				CLANG_WARN_EMPTY_BODY = YES;
				CLANG_WARN_ENUM_CONVERSION = YES;
				CLANG_WARN_INFINITE_RECURSION = YES;
				CLANG_WARN_INT_CONVERSION = YES;
				CLANG_WARN_NON_LITERAL_NULL_CONVERSION = YES;
				CLANG_WARN_OBJC_IMPLICIT_RETAIN_SELF = YES;
				CLANG_WARN_OBJC_LITERAL_CONVERSION = YES;
				CLANG_WARN_OBJC_ROOT_CLASS = YES_ERROR;
				CLANG_WARN_RANGE_LOOP_ANALYSIS = YES;
				CLANG_WARN_STRICT_PROTOTYPES = YES;
				CLANG_WARN_SUSPICIOUS_MOVE = YES;
				CLANG_WARN_UNGUARDED_AVAILABILITY = YES_AGGRESSIVE;
				CLANG_WARN_UNREACHABLE_CODE = YES;
				CLANG_WARN__DUPLICATE_METHOD_MATCH = YES;
				COPY_PHASE_STRIP = NO;
				DEBUG_INFORMATION_FORMAT = dwarf;
				ENABLE_STRICT_OBJC_MSGSEND = YES;
				ENABLE_TESTABILITY = YES;
				GCC_C_LANGUAGE_STANDARD = gnu11;
				GCC_DYNAMIC_NO_PIC = NO;
				GCC_NO_COMMON_BLOCKS = YES;
				GCC_OPTIMIZATION_LEVEL = 0;
				GCC_PREPROCESSOR_DEFINITIONS = (
					"DEBUG=1",
					"$(inherited)",
				);
				GCC_WARN_64_TO_32_BIT_CONVERSION = YES;
				GCC_WARN_ABOUT_RETURN_TYPE = YES_ERROR;
				GCC_WARN_UNDECLARED_SELECTOR = YES;
				GCC_WARN_UNINITIALIZED_AUTOS = YES_AGGRESSIVE;
				GCC_WARN_UNUSED_FUNCTION = YES;
				GCC_WARN_UNUSED_VARIABLE = YES;
				IPHONEOS_DEPLOYMENT_TARGET = 13.2;
				MTL_ENABLE_DEBUG_INFO = INCLUDE_SOURCE;
				MTL_FAST_MATH = YES;
				ONLY_ACTIVE_ARCH = YES;
				SDKROOT = iphoneos;
				SWIFT_ACTIVE_COMPILATION_CONDITIONS = DEBUG;
				SWIFT_OPTIMIZATION_LEVEL = "-Onone";
			};
			name = Debug;
		};
		8214B5892397B3A80068C025 /* Release */ = {
			isa = XCBuildConfiguration;
			buildSettings = {
				ALWAYS_SEARCH_USER_PATHS = NO;
				CLANG_ANALYZER_NONNULL = YES;
				CLANG_ANALYZER_NUMBER_OBJECT_CONVERSION = YES_AGGRESSIVE;
				CLANG_CXX_LANGUAGE_STANDARD = "gnu++14";
				CLANG_CXX_LIBRARY = "libc++";
				CLANG_ENABLE_MODULES = YES;
				CLANG_ENABLE_OBJC_ARC = YES;
				CLANG_ENABLE_OBJC_WEAK = YES;
				CLANG_WARN_BLOCK_CAPTURE_AUTORELEASING = YES;
				CLANG_WARN_BOOL_CONVERSION = YES;
				CLANG_WARN_COMMA = YES;
				CLANG_WARN_CONSTANT_CONVERSION = YES;
				CLANG_WARN_DEPRECATED_OBJC_IMPLEMENTATIONS = YES;
				CLANG_WARN_DIRECT_OBJC_ISA_USAGE = YES_ERROR;
				CLANG_WARN_DOCUMENTATION_COMMENTS = YES;
				CLANG_WARN_EMPTY_BODY = YES;
				CLANG_WARN_ENUM_CONVERSION = YES;
				CLANG_WARN_INFINITE_RECURSION = YES;
				CLANG_WARN_INT_CONVERSION = YES;
				CLANG_WARN_NON_LITERAL_NULL_CONVERSION = YES;
				CLANG_WARN_OBJC_IMPLICIT_RETAIN_SELF = YES;
				CLANG_WARN_OBJC_LITERAL_CONVERSION = YES;
				CLANG_WARN_OBJC_ROOT_CLASS = YES_ERROR;
				CLANG_WARN_RANGE_LOOP_ANALYSIS = YES;
				CLANG_WARN_STRICT_PROTOTYPES = YES;
				CLANG_WARN_SUSPICIOUS_MOVE = YES;
				CLANG_WARN_UNGUARDED_AVAILABILITY = YES_AGGRESSIVE;
				CLANG_WARN_UNREACHABLE_CODE = YES;
				CLANG_WARN__DUPLICATE_METHOD_MATCH = YES;
				COPY_PHASE_STRIP = NO;
				DEBUG_INFORMATION_FORMAT = "dwarf-with-dsym";
				ENABLE_NS_ASSERTIONS = NO;
				ENABLE_STRICT_OBJC_MSGSEND = YES;
				GCC_C_LANGUAGE_STANDARD = gnu11;
				GCC_NO_COMMON_BLOCKS = YES;
				GCC_WARN_64_TO_32_BIT_CONVERSION = YES;
				GCC_WARN_ABOUT_RETURN_TYPE = YES_ERROR;
				GCC_WARN_UNDECLARED_SELECTOR = YES;
				GCC_WARN_UNINITIALIZED_AUTOS = YES_AGGRESSIVE;
				GCC_WARN_UNUSED_FUNCTION = YES;
				GCC_WARN_UNUSED_VARIABLE = YES;
				IPHONEOS_DEPLOYMENT_TARGET = 13.2;
				MTL_ENABLE_DEBUG_INFO = NO;
				MTL_FAST_MATH = YES;
				SDKROOT = iphoneos;
				SWIFT_COMPILATION_MODE = wholemodule;
				SWIFT_OPTIMIZATION_LEVEL = "-O";
				VALIDATE_PRODUCT = YES;
			};
			name = Release;
		};
		8214B58B2397B3A80068C025 /* Debug */ = {
			isa = XCBuildConfiguration;
			buildSettings = {
				ASSETCATALOG_COMPILER_APPICON_NAME = AppIcon;
				CODE_SIGN_STYLE = Automatic;
				DEVELOPMENT_TEAM = 8P5697C5H7;
				INFOPLIST_FILE = "hlidac-shopu/Info.plist";
				LD_RUNPATH_SEARCH_PATHS = (
					"$(inherited)",
					"@executable_path/Frameworks",
				);
				PRODUCT_BUNDLE_IDENTIFIER = "com.topmonks.hlidac-shopu";
				PRODUCT_NAME = "$(TARGET_NAME)";
				SWIFT_VERSION = 5.0;
				TARGETED_DEVICE_FAMILY = "1,2";
			};
			name = Debug;
		};
		8214B58C2397B3A80068C025 /* Release */ = {
			isa = XCBuildConfiguration;
			buildSettings = {
				ASSETCATALOG_COMPILER_APPICON_NAME = AppIcon;
				CODE_SIGN_STYLE = Automatic;
				DEVELOPMENT_TEAM = 8P5697C5H7;
				INFOPLIST_FILE = "hlidac-shopu/Info.plist";
				LD_RUNPATH_SEARCH_PATHS = (
					"$(inherited)",
					"@executable_path/Frameworks",
				);
				PRODUCT_BUNDLE_IDENTIFIER = "com.topmonks.hlidac-shopu";
				PRODUCT_NAME = "$(TARGET_NAME)";
				SWIFT_VERSION = 5.0;
				TARGETED_DEVICE_FAMILY = "1,2";
			};
			name = Release;
		};
/* End XCBuildConfiguration section */

/* Begin XCConfigurationList section */
		8214B5712397B3A70068C025 /* Build configuration list for PBXProject "hlidac-shopu" */ = {
			isa = XCConfigurationList;
			buildConfigurations = (
				8214B5882397B3A80068C025 /* Debug */,
				8214B5892397B3A80068C025 /* Release */,
			);
			defaultConfigurationIsVisible = 0;
			defaultConfigurationName = Release;
		};
		8214B58A2397B3A80068C025 /* Build configuration list for PBXNativeTarget "hlidac-shopu" */ = {
			isa = XCConfigurationList;
			buildConfigurations = (
				8214B58B2397B3A80068C025 /* Debug */,
				8214B58C2397B3A80068C025 /* Release */,
			);
			defaultConfigurationIsVisible = 0;
			defaultConfigurationName = Release;
		};
/* End XCConfigurationList section */
	};
	rootObject = 8214B56E2397B3A70068C025 /* Project object */;
}
