// !$*UTF8*$!
{
	archiveVersion = 1;
	classes = {
	};
	objectVersion = 54;
	objects = {

/* Begin PBXBuildFile section */
		8214B57A2397B3A70068C025 /* AppDelegate.swift in Sources */ = {isa = PBXBuildFile; fileRef = 8214B5792397B3A70068C025 /* AppDelegate.swift */; };
		8214B57C2397B3A70068C025 /* SceneDelegate.swift in Sources */ = {isa = PBXBuildFile; fileRef = 8214B57B2397B3A70068C025 /* SceneDelegate.swift */; };
		8214B57E2397B3A70068C025 /* ViewController.swift in Sources */ = {isa = PBXBuildFile; fileRef = 8214B57D2397B3A70068C025 /* ViewController.swift */; };
		8214B5812397B3A70068C025 /* Main.storyboard in Resources */ = {isa = PBXBuildFile; fileRef = 8214B57F2397B3A70068C025 /* Main.storyboard */; };
		8214B5832397B3A80068C025 /* Assets.xcassets in Resources */ = {isa = PBXBuildFile; fileRef = 8214B5822397B3A80068C025 /* Assets.xcassets */; };
		8214B5862397B3A80068C025 /* LaunchScreen.storyboard in Resources */ = {isa = PBXBuildFile; fileRef = 8214B5842397B3A80068C025 /* LaunchScreen.storyboard */; };
		82750555239C34D0009E9076 /* Assets.xcassets in Resources */ = {isa = PBXBuildFile; fileRef = 8214B5822397B3A80068C025 /* Assets.xcassets */; };
		82AE4391239BA2E500FC2649 /* ActionViewController.swift in Sources */ = {isa = PBXBuildFile; fileRef = 82AE4390239BA2E500FC2649 /* ActionViewController.swift */; };
		82AE4394239BA2E500FC2649 /* MainInterface.storyboard in Resources */ = {isa = PBXBuildFile; fileRef = 82AE4392239BA2E500FC2649 /* MainInterface.storyboard */; };
		82AE4398239BA2E500FC2649 /* ShareExtension.appex in Embed App Extensions */ = {isa = PBXBuildFile; fileRef = 82AE438C239BA2E500FC2649 /* ShareExtension.appex */; settings = {ATTRIBUTES = (RemoveHeadersOnCopy, ); }; };
		82F63523239D1C8C004F80DE /* WebKit.framework in Frameworks */ = {isa = PBXBuildFile; fileRef = 82F63522239D1C8C004F80DE /* WebKit.framework */; };
		82F63524239D1C99004F80DE /* WebKit.framework in Frameworks */ = {isa = PBXBuildFile; fileRef = 82F63522239D1C8C004F80DE /* WebKit.framework */; };
/* End PBXBuildFile section */

/* Begin PBXContainerItemProxy section */
		82AE4396239BA2E500FC2649 /* PBXContainerItemProxy */ = {
			isa = PBXContainerItemProxy;
			containerPortal = 8214B56E2397B3A70068C025 /* Project object */;
			proxyType = 1;
			remoteGlobalIDString = 82AE438B239BA2E500FC2649;
			remoteInfo = ShareExtension;
		};
/* End PBXContainerItemProxy section */

/* Begin PBXCopyFilesBuildPhase section */
		82AE4399239BA2E500FC2649 /* Embed App Extensions */ = {
			isa = PBXCopyFilesBuildPhase;
			buildActionMask = 2147483647;
			dstPath = "";
			dstSubfolderSpec = 13;
			files = (
				82AE4398239BA2E500FC2649 /* ShareExtension.appex in Embed App Extensions */,
			);
			name = "Embed App Extensions";
			runOnlyForDeploymentPostprocessing = 0;
		};
/* End PBXCopyFilesBuildPhase section */

/* Begin PBXFileReference section */
		8214B5762397B3A70068C025 /* hlidac shopu.app */ = {isa = PBXFileReference; explicitFileType = wrapper.application; includeInIndex = 0; path = "hlidac shopu.app"; sourceTree = BUILT_PRODUCTS_DIR; };
		8214B5792397B3A70068C025 /* AppDelegate.swift */ = {isa = PBXFileReference; lastKnownFileType = sourcecode.swift; path = AppDelegate.swift; sourceTree = "<group>"; };
		8214B57B2397B3A70068C025 /* SceneDelegate.swift */ = {isa = PBXFileReference; lastKnownFileType = sourcecode.swift; path = SceneDelegate.swift; sourceTree = "<group>"; };
		8214B57D2397B3A70068C025 /* ViewController.swift */ = {isa = PBXFileReference; lastKnownFileType = sourcecode.swift; path = ViewController.swift; sourceTree = "<group>"; };
		8214B5802397B3A70068C025 /* Base */ = {isa = PBXFileReference; lastKnownFileType = file.storyboard; name = Base; path = Base.lproj/Main.storyboard; sourceTree = "<group>"; };
		8214B5822397B3A80068C025 /* Assets.xcassets */ = {isa = PBXFileReference; lastKnownFileType = folder.assetcatalog; path = Assets.xcassets; sourceTree = "<group>"; };
		8214B5852397B3A80068C025 /* Base */ = {isa = PBXFileReference; lastKnownFileType = file.storyboard; name = Base; path = Base.lproj/LaunchScreen.storyboard; sourceTree = "<group>"; };
		8214B5872397B3A80068C025 /* Info.plist */ = {isa = PBXFileReference; lastKnownFileType = text.plist.xml; path = Info.plist; sourceTree = "<group>"; };
		82AE438C239BA2E500FC2649 /* ShareExtension.appex */ = {isa = PBXFileReference; explicitFileType = "wrapper.app-extension"; includeInIndex = 0; path = ShareExtension.appex; sourceTree = BUILT_PRODUCTS_DIR; };
		82AE4390239BA2E500FC2649 /* ActionViewController.swift */ = {isa = PBXFileReference; lastKnownFileType = sourcecode.swift; path = ActionViewController.swift; sourceTree = "<group>"; };
		82AE4393239BA2E500FC2649 /* Base */ = {isa = PBXFileReference; lastKnownFileType = file.storyboard; name = Base; path = Base.lproj/MainInterface.storyboard; sourceTree = "<group>"; };
		82AE4395239BA2E500FC2649 /* Info.plist */ = {isa = PBXFileReference; lastKnownFileType = text.plist.xml; path = Info.plist; sourceTree = "<group>"; };
		82F63522239D1C8C004F80DE /* WebKit.framework */ = {isa = PBXFileReference; lastKnownFileType = wrapper.framework; name = WebKit.framework; path = System/Library/Frameworks/WebKit.framework; sourceTree = SDKROOT; };
/* End PBXFileReference section */

/* Begin PBXFrameworksBuildPhase section */
		8214B5732397B3A70068C025 /* Frameworks */ = {
			isa = PBXFrameworksBuildPhase;
			buildActionMask = 2147483647;
			files = (
				82F63523239D1C8C004F80DE /* WebKit.framework in Frameworks */,
			);
			runOnlyForDeploymentPostprocessing = 0;
		};
		82AE4389239BA2E500FC2649 /* Frameworks */ = {
			isa = PBXFrameworksBuildPhase;
			buildActionMask = 2147483647;
			files = (
				82F63524239D1C99004F80DE /* WebKit.framework in Frameworks */,
			);
			runOnlyForDeploymentPostprocessing = 0;
		};
/* End PBXFrameworksBuildPhase section */

/* Begin PBXGroup section */
		8214B56D2397B3A70068C025 = {
			isa = PBXGroup;
			children = (
				8214B5782397B3A70068C025 /* hlidac-shopu */,
				82AE438D239BA2E500FC2649 /* ShareExtension */,
				8214B5772397B3A70068C025 /* Products */,
				82F63521239D1C8C004F80DE /* Frameworks */,
			);
			sourceTree = "<group>";
		};
		8214B5772397B3A70068C025 /* Products */ = {
			isa = PBXGroup;
			children = (
				8214B5762397B3A70068C025 /* hlidac shopu.app */,
				82AE438C239BA2E500FC2649 /* ShareExtension.appex */,
			);
			name = Products;
			sourceTree = "<group>";
		};
		8214B5782397B3A70068C025 /* hlidac-shopu */ = {
			isa = PBXGroup;
			children = (
				8214B5792397B3A70068C025 /* AppDelegate.swift */,
				8214B57B2397B3A70068C025 /* SceneDelegate.swift */,
				8214B57D2397B3A70068C025 /* ViewController.swift */,
				8214B57F2397B3A70068C025 /* Main.storyboard */,
				8214B5822397B3A80068C025 /* Assets.xcassets */,
				8214B5842397B3A80068C025 /* LaunchScreen.storyboard */,
				8214B5872397B3A80068C025 /* Info.plist */,
			);
			path = "hlidac-shopu";
			sourceTree = "<group>";
		};
		82AE438D239BA2E500FC2649 /* ShareExtension */ = {
			isa = PBXGroup;
			children = (
				82AE4390239BA2E500FC2649 /* ActionViewController.swift */,
				82AE4392239BA2E500FC2649 /* MainInterface.storyboard */,
				82AE4395239BA2E500FC2649 /* Info.plist */,
			);
			path = ShareExtension;
			sourceTree = "<group>";
		};
		82F63521239D1C8C004F80DE /* Frameworks */ = {
			isa = PBXGroup;
			children = (
				82F63522239D1C8C004F80DE /* WebKit.framework */,
			);
			name = Frameworks;
			sourceTree = "<group>";
		};
/* End PBXGroup section */

/* Begin PBXNativeTarget section */
		8214B5752397B3A70068C025 /* hlidac shopu */ = {
			isa = PBXNativeTarget;
			buildConfigurationList = 8214B58A2397B3A80068C025 /* Build configuration list for PBXNativeTarget "hlidac shopu" */;
			buildPhases = (
				8214B5722397B3A70068C025 /* Sources */,
				8214B5732397B3A70068C025 /* Frameworks */,
				8214B5742397B3A70068C025 /* Resources */,
				82AE4399239BA2E500FC2649 /* Embed App Extensions */,
			);
			buildRules = (
			);
			dependencies = (
				82AE4397239BA2E500FC2649 /* PBXTargetDependency */,
			);
			name = "hlidac shopu";
			productName = "hlidac-shopu";
			productReference = 8214B5762397B3A70068C025 /* hlidac shopu.app */;
			productType = "com.apple.product-type.application";
		};
		82AE438B239BA2E500FC2649 /* ShareExtension */ = {
			isa = PBXNativeTarget;
			buildConfigurationList = 82AE439C239BA2E500FC2649 /* Build configuration list for PBXNativeTarget "ShareExtension" */;
			buildPhases = (
				82AE4388239BA2E500FC2649 /* Sources */,
				82AE4389239BA2E500FC2649 /* Frameworks */,
				82AE438A239BA2E500FC2649 /* Resources */,
			);
			buildRules = (
			);
			dependencies = (
			);
			name = ShareExtension;
			productName = ShareExtension;
			productReference = 82AE438C239BA2E500FC2649 /* ShareExtension.appex */;
			productType = "com.apple.product-type.app-extension";
		};
/* End PBXNativeTarget section */

/* Begin PBXProject section */
		8214B56E2397B3A70068C025 /* Project object */ = {
			isa = PBXProject;
			attributes = {
				LastSwiftUpdateCheck = 1120;
				LastUpgradeCheck = 1230;
				ORGANIZATIONNAME = TopMonks;
				TargetAttributes = {
					8214B5752397B3A70068C025 = {
						CreatedOnToolsVersion = 11.2.1;
					};
					82AE438B239BA2E500FC2649 = {
						CreatedOnToolsVersion = 11.2.1;
					};
				};
			};
			buildConfigurationList = 8214B5712397B3A70068C025 /* Build configuration list for PBXProject "hlidac shopu" */;
			compatibilityVersion = "Xcode 12.0";
			developmentRegion = en;
			hasScannedForEncodings = 0;
			knownRegions = (
				en,
				Base,
			);
			mainGroup = 8214B56D2397B3A70068C025;
			productRefGroup = 8214B5772397B3A70068C025 /* Products */;
			projectDirPath = "";
			projectRoot = "";
			targets = (
				8214B5752397B3A70068C025 /* hlidac shopu */,
				82AE438B239BA2E500FC2649 /* ShareExtension */,
			);
		};
/* End PBXProject section */

/* Begin PBXResourcesBuildPhase section */
		8214B5742397B3A70068C025 /* Resources */ = {
			isa = PBXResourcesBuildPhase;
			buildActionMask = 2147483647;
			files = (
				8214B5862397B3A80068C025 /* LaunchScreen.storyboard in Resources */,
				8214B5832397B3A80068C025 /* Assets.xcassets in Resources */,
				8214B5812397B3A70068C025 /* Main.storyboard in Resources */,
			);
			runOnlyForDeploymentPostprocessing = 0;
		};
		82AE438A239BA2E500FC2649 /* Resources */ = {
			isa = PBXResourcesBuildPhase;
			buildActionMask = 2147483647;
			files = (
				82AE4394239BA2E500FC2649 /* MainInterface.storyboard in Resources */,
				82750555239C34D0009E9076 /* Assets.xcassets in Resources */,
			);
			runOnlyForDeploymentPostprocessing = 0;
		};
/* End PBXResourcesBuildPhase section */

/* Begin PBXSourcesBuildPhase section */
		8214B5722397B3A70068C025 /* Sources */ = {
			isa = PBXSourcesBuildPhase;
			buildActionMask = 2147483647;
			files = (
				8214B57E2397B3A70068C025 /* ViewController.swift in Sources */,
				8214B57A2397B3A70068C025 /* AppDelegate.swift in Sources */,
				8214B57C2397B3A70068C025 /* SceneDelegate.swift in Sources */,
			);
			runOnlyForDeploymentPostprocessing = 0;
		};
		82AE4388239BA2E500FC2649 /* Sources */ = {
			isa = PBXSourcesBuildPhase;
			buildActionMask = 2147483647;
			files = (
				82AE4391239BA2E500FC2649 /* ActionViewController.swift in Sources */,
			);
			runOnlyForDeploymentPostprocessing = 0;
		};
/* End PBXSourcesBuildPhase section */

/* Begin PBXTargetDependency section */
		82AE4397239BA2E500FC2649 /* PBXTargetDependency */ = {
			isa = PBXTargetDependency;
			target = 82AE438B239BA2E500FC2649 /* ShareExtension */;
			targetProxy = 82AE4396239BA2E500FC2649 /* PBXContainerItemProxy */;
		};
/* End PBXTargetDependency section */

/* Begin PBXVariantGroup section */
		8214B57F2397B3A70068C025 /* Main.storyboard */ = {
			isa = PBXVariantGroup;
			children = (
				8214B5802397B3A70068C025 /* Base */,
			);
			name = Main.storyboard;
			sourceTree = "<group>";
		};
		8214B5842397B3A80068C025 /* LaunchScreen.storyboard */ = {
			isa = PBXVariantGroup;
			children = (
				8214B5852397B3A80068C025 /* Base */,
			);
			name = LaunchScreen.storyboard;
			sourceTree = "<group>";
		};
		82AE4392239BA2E500FC2649 /* MainInterface.storyboard */ = {
			isa = PBXVariantGroup;
			children = (
				82AE4393239BA2E500FC2649 /* Base */,
			);
			name = MainInterface.storyboard;
			sourceTree = "<group>";
		};
/* End PBXVariantGroup section */

/* Begin XCBuildConfiguration section */
		8214B5882397B3A80068C025 /* Debug */ = {
			isa = XCBuildConfiguration;
			buildSettings = {
				ALWAYS_SEARCH_USER_PATHS = NO;
				CLANG_ANALYZER_NONNULL = YES;
				CLANG_ANALYZER_NUMBER_OBJECT_CONVERSION = YES_AGGRESSIVE;
				CLANG_CXX_LANGUAGE_STANDARD = "gnu++14";
				CLANG_CXX_LIBRARY = "libc++";
				CLANG_ENABLE_MODULES = YES;
				CLANG_ENABLE_OBJC_ARC = YES;
				CLANG_ENABLE_OBJC_WEAK = YES;
				CLANG_WARN_BLOCK_CAPTURE_AUTORELEASING = YES;
				CLANG_WARN_BOOL_CONVERSION = YES;
				CLANG_WARN_COMMA = YES;
				CLANG_WARN_CONSTANT_CONVERSION = YES;
				CLANG_WARN_DEPRECATED_OBJC_IMPLEMENTATIONS = YES;
				CLANG_WARN_DIRECT_OBJC_ISA_USAGE = YES_ERROR;
				CLANG_WARN_DOCUMENTATION_COMMENTS = YES;
				CLANG_WARN_EMPTY_BODY = YES;
				CLANG_WARN_ENUM_CONVERSION = YES;
				CLANG_WARN_INFINITE_RECURSION = YES;
				CLANG_WARN_INT_CONVERSION = YES;
				CLANG_WARN_NON_LITERAL_NULL_CONVERSION = YES;
				CLANG_WARN_OBJC_IMPLICIT_RETAIN_SELF = YES;
				CLANG_WARN_OBJC_LITERAL_CONVERSION = YES;
				CLANG_WARN_OBJC_ROOT_CLASS = YES_ERROR;
				CLANG_WARN_QUOTED_INCLUDE_IN_FRAMEWORK_HEADER = YES;
				CLANG_WARN_RANGE_LOOP_ANALYSIS = YES;
				CLANG_WARN_STRICT_PROTOTYPES = YES;
				CLANG_WARN_SUSPICIOUS_MOVE = YES;
				CLANG_WARN_UNGUARDED_AVAILABILITY = YES_AGGRESSIVE;
				CLANG_WARN_UNREACHABLE_CODE = YES;
				CLANG_WARN__DUPLICATE_METHOD_MATCH = YES;
				COPY_PHASE_STRIP = NO;
				DEBUG_INFORMATION_FORMAT = dwarf;
				ENABLE_STRICT_OBJC_MSGSEND = YES;
				ENABLE_TESTABILITY = YES;
				GCC_C_LANGUAGE_STANDARD = gnu11;
				GCC_DYNAMIC_NO_PIC = NO;
				GCC_NO_COMMON_BLOCKS = YES;
				GCC_OPTIMIZATION_LEVEL = 0;
				GCC_PREPROCESSOR_DEFINITIONS = (
					"DEBUG=1",
					"$(inherited)",
				);
				GCC_WARN_64_TO_32_BIT_CONVERSION = YES;
				GCC_WARN_ABOUT_RETURN_TYPE = YES_ERROR;
				GCC_WARN_UNDECLARED_SELECTOR = YES;
				GCC_WARN_UNINITIALIZED_AUTOS = YES_AGGRESSIVE;
				GCC_WARN_UNUSED_FUNCTION = YES;
				GCC_WARN_UNUSED_VARIABLE = YES;
				IPHONEOS_DEPLOYMENT_TARGET = 12.0;
				MTL_ENABLE_DEBUG_INFO = INCLUDE_SOURCE;
				MTL_FAST_MATH = YES;
				ONLY_ACTIVE_ARCH = YES;
				SDKROOT = iphoneos;
				SWIFT_ACTIVE_COMPILATION_CONDITIONS = DEBUG;
				SWIFT_OPTIMIZATION_LEVEL = "-Onone";
			};
			name = Debug;
		};
		8214B5892397B3A80068C025 /* Release */ = {
			isa = XCBuildConfiguration;
			buildSettings = {
				ALWAYS_SEARCH_USER_PATHS = NO;
				CLANG_ANALYZER_NONNULL = YES;
				CLANG_ANALYZER_NUMBER_OBJECT_CONVERSION = YES_AGGRESSIVE;
				CLANG_CXX_LANGUAGE_STANDARD = "gnu++14";
				CLANG_CXX_LIBRARY = "libc++";
				CLANG_ENABLE_MODULES = YES;
				CLANG_ENABLE_OBJC_ARC = YES;
				CLANG_ENABLE_OBJC_WEAK = YES;
				CLANG_WARN_BLOCK_CAPTURE_AUTORELEASING = YES;
				CLANG_WARN_BOOL_CONVERSION = YES;
				CLANG_WARN_COMMA = YES;
				CLANG_WARN_CONSTANT_CONVERSION = YES;
				CLANG_WARN_DEPRECATED_OBJC_IMPLEMENTATIONS = YES;
				CLANG_WARN_DIRECT_OBJC_ISA_USAGE = YES_ERROR;
				CLANG_WARN_DOCUMENTATION_COMMENTS = YES;
				CLANG_WARN_EMPTY_BODY = YES;
				CLANG_WARN_ENUM_CONVERSION = YES;
				CLANG_WARN_INFINITE_RECURSION = YES;
				CLANG_WARN_INT_CONVERSION = YES;
				CLANG_WARN_NON_LITERAL_NULL_CONVERSION = YES;
				CLANG_WARN_OBJC_IMPLICIT_RETAIN_SELF = YES;
				CLANG_WARN_OBJC_LITERAL_CONVERSION = YES;
				CLANG_WARN_OBJC_ROOT_CLASS = YES_ERROR;
				CLANG_WARN_QUOTED_INCLUDE_IN_FRAMEWORK_HEADER = YES;
				CLANG_WARN_RANGE_LOOP_ANALYSIS = YES;
				CLANG_WARN_STRICT_PROTOTYPES = YES;
				CLANG_WARN_SUSPICIOUS_MOVE = YES;
				CLANG_WARN_UNGUARDED_AVAILABILITY = YES_AGGRESSIVE;
				CLANG_WARN_UNREACHABLE_CODE = YES;
				CLANG_WARN__DUPLICATE_METHOD_MATCH = YES;
				COPY_PHASE_STRIP = NO;
				DEBUG_INFORMATION_FORMAT = "dwarf-with-dsym";
				ENABLE_NS_ASSERTIONS = NO;
				ENABLE_STRICT_OBJC_MSGSEND = YES;
				GCC_C_LANGUAGE_STANDARD = gnu11;
				GCC_NO_COMMON_BLOCKS = YES;
				GCC_WARN_64_TO_32_BIT_CONVERSION = YES;
				GCC_WARN_ABOUT_RETURN_TYPE = YES_ERROR;
				GCC_WARN_UNDECLARED_SELECTOR = YES;
				GCC_WARN_UNINITIALIZED_AUTOS = YES_AGGRESSIVE;
				GCC_WARN_UNUSED_FUNCTION = YES;
				GCC_WARN_UNUSED_VARIABLE = YES;
				IPHONEOS_DEPLOYMENT_TARGET = 12.0;
				MTL_ENABLE_DEBUG_INFO = NO;
				MTL_FAST_MATH = YES;
				SDKROOT = iphoneos;
				SWIFT_COMPILATION_MODE = wholemodule;
				SWIFT_OPTIMIZATION_LEVEL = "-O";
				VALIDATE_PRODUCT = YES;
			};
			name = Release;
		};
		8214B58B2397B3A80068C025 /* Debug */ = {
			isa = XCBuildConfiguration;
			buildSettings = {
				ALWAYS_EMBED_SWIFT_STANDARD_LIBRARIES = YES;
				ASSETCATALOG_COMPILER_APPICON_NAME = AppIcon;
				CODE_SIGN_IDENTITY = "Apple Development";
				CODE_SIGN_STYLE = Automatic;
				CURRENT_PROJECT_VERSION = 23;
				DEVELOPMENT_TEAM = 8P5697C5H7;
				INFOPLIST_FILE = "hlidac-shopu/Info.plist";
				IPHONEOS_DEPLOYMENT_TARGET = 12.0;
				LD_RUNPATH_SEARCH_PATHS = (
					"$(inherited)",
					"@executable_path/Frameworks",
				);
				MARKETING_VERSION = 1.8.15;
				PRODUCT_BUNDLE_IDENTIFIER = "com.topmonks.hlidac-shopu";
				PRODUCT_NAME = "$(TARGET_NAME)";
				PROVISIONING_PROFILE_SPECIFIER = "";
				SWIFT_VERSION = 5.0;
				TARGETED_DEVICE_FAMILY = "1,2";
			};
			name = Debug;
		};
		8214B58C2397B3A80068C025 /* Release */ = {
			isa = XCBuildConfiguration;
			buildSettings = {
				ALWAYS_EMBED_SWIFT_STANDARD_LIBRARIES = YES;
				ASSETCATALOG_COMPILER_APPICON_NAME = AppIcon;
				CODE_SIGN_IDENTITY = "iPhone Distribution";
				CODE_SIGN_STYLE = Manual;
				CURRENT_PROJECT_VERSION = 23;
				DEVELOPMENT_TEAM = 8P5697C5H7;
				INFOPLIST_FILE = "hlidac-shopu/Info.plist";
				IPHONEOS_DEPLOYMENT_TARGET = 12.0;
				LD_RUNPATH_SEARCH_PATHS = (
					"$(inherited)",
					"@executable_path/Frameworks",
				);
				MARKETING_VERSION = 1.8.15;
				PRODUCT_BUNDLE_IDENTIFIER = "com.topmonks.hlidac-shopu";
				PRODUCT_NAME = "$(TARGET_NAME)";
				PROVISIONING_PROFILE_SPECIFIER = "match AppStore com.topmonks.hlidac-shopu";
				SWIFT_VERSION = 5.0;
				TARGETED_DEVICE_FAMILY = "1,2";
			};
			name = Release;
		};
		82AE439A239BA2E500FC2649 /* Debug */ = {
			isa = XCBuildConfiguration;
			buildSettings = {
				ASSETCATALOG_COMPILER_APPICON_NAME = AppIcon;
				CODE_SIGN_IDENTITY = "Apple Development";
				CODE_SIGN_STYLE = Automatic;
				CURRENT_PROJECT_VERSION = 23;
				DEVELOPMENT_TEAM = 8P5697C5H7;
				INFOPLIST_FILE = ShareExtension/Info.plist;
				IPHONEOS_DEPLOYMENT_TARGET = 12.0;
				LD_RUNPATH_SEARCH_PATHS = (
					"$(inherited)",
					"@executable_path/Frameworks",
					"@executable_path/../../Frameworks",
				);
				MARKETING_VERSION = 1.8.15;
				PRODUCT_BUNDLE_IDENTIFIER = "com.topmonks.hlidac-shopu.ShareExtension";
				PRODUCT_NAME = "$(TARGET_NAME)";
				PROVISIONING_PROFILE_SPECIFIER = "";
				SKIP_INSTALL = YES;
				SWIFT_VERSION = 5.0;
				TARGETED_DEVICE_FAMILY = "1,2";
			};
			name = Debug;
		};
		82AE439B239BA2E500FC2649 /* Release */ = {
			isa = XCBuildConfiguration;
			buildSettings = {
				ASSETCATALOG_COMPILER_APPICON_NAME = AppIcon;
				CODE_SIGN_IDENTITY = "iPhone Distribution";
				CODE_SIGN_STYLE = Manual;
				CURRENT_PROJECT_VERSION = 23;
				DEVELOPMENT_TEAM = 8P5697C5H7;
				INFOPLIST_FILE = ShareExtension/Info.plist;
				IPHONEOS_DEPLOYMENT_TARGET = 12.0;
				LD_RUNPATH_SEARCH_PATHS = (
					"$(inherited)",
					"@executable_path/Frameworks",
					"@executable_path/../../Frameworks",
				);
				MARKETING_VERSION = 1.8.15;
				PRODUCT_BUNDLE_IDENTIFIER = "com.topmonks.hlidac-shopu.ShareExtension";
				PRODUCT_NAME = "$(TARGET_NAME)";
				PROVISIONING_PROFILE_SPECIFIER = "match AppStore com.topmonks.hlidac-shopu.ShareExtension";
				SKIP_INSTALL = YES;
				SWIFT_VERSION = 5.0;
				TARGETED_DEVICE_FAMILY = "1,2";
			};
			name = Release;
		};
/* End XCBuildConfiguration section */

/* Begin XCConfigurationList section */
		8214B5712397B3A70068C025 /* Build configuration list for PBXProject "hlidac shopu" */ = {
			isa = XCConfigurationList;
			buildConfigurations = (
				8214B5882397B3A80068C025 /* Debug */,
				8214B5892397B3A80068C025 /* Release */,
			);
			defaultConfigurationIsVisible = 0;
			defaultConfigurationName = Release;
		};
		8214B58A2397B3A80068C025 /* Build configuration list for PBXNativeTarget "hlidac shopu" */ = {
			isa = XCConfigurationList;
			buildConfigurations = (
				8214B58B2397B3A80068C025 /* Debug */,
				8214B58C2397B3A80068C025 /* Release */,
			);
			defaultConfigurationIsVisible = 0;
			defaultConfigurationName = Release;
		};
		82AE439C239BA2E500FC2649 /* Build configuration list for PBXNativeTarget "ShareExtension" */ = {
			isa = XCConfigurationList;
			buildConfigurations = (
				82AE439A239BA2E500FC2649 /* Debug */,
				82AE439B239BA2E500FC2649 /* Release */,
			);
			defaultConfigurationIsVisible = 0;
			defaultConfigurationName = Release;
		};
/* End XCConfigurationList section */
	};
	rootObject = 8214B56E2397B3A70068C025 /* Project object */;
}
