// !$*UTF8*$!
{
	archiveVersion = 1;
	classes = {
	};
	objectVersion = 55;
	objects = {

/* Begin PBXBuildFile section */
		824D781D27FF1B17004A5882 /* GetURL.js in Resources */ = {isa = PBXBuildFile; fileRef = 824D781C27FF1B17004A5882 /* GetURL.js */; };
		824D781F27FF1B51004A5882 /* ShareViewController.swift in Sources */ = {isa = PBXBuildFile; fileRef = 8291832527FF10E900CAFD3A /* ShareViewController.swift */; };
		824D782027FF1B53004A5882 /* ShareViewController.swift in Sources */ = {isa = PBXBuildFile; fileRef = 8291832527FF10E900CAFD3A /* ShareViewController.swift */; };
		8291832927FF10E900CAFD3A /* MainInterface.storyboard in Resources */ = {isa = PBXBuildFile; fileRef = 8291832727FF10E900CAFD3A /* MainInterface.storyboard */; };
		8291832D27FF10E900CAFD3A /* App ShareExtension.appex in Embed App Extensions */ = {isa = PBXBuildFile; fileRef = 8291832327FF10E900CAFD3A /* App ShareExtension.appex */; settings = {ATTRIBUTES = (RemoveHeadersOnCopy, ); }; };
		82CC13FD27FDB81B001A030F /* AppDelegate.swift in Sources */ = {isa = PBXBuildFile; fileRef = 82CC13FC27FDB81B001A030F /* AppDelegate.swift */; };
		82CC13FF27FDB81B001A030F /* SceneDelegate.swift in Sources */ = {isa = PBXBuildFile; fileRef = 82CC13FE27FDB81B001A030F /* SceneDelegate.swift */; };
		82CC140227FDB81B001A030F /* LaunchScreen.storyboard in Resources */ = {isa = PBXBuildFile; fileRef = 82CC140027FDB81B001A030F /* LaunchScreen.storyboard */; };
		82CC140527FDB81B001A030F /* Main.storyboard in Resources */ = {isa = PBXBuildFile; fileRef = 82CC140327FDB81B001A030F /* Main.storyboard */; };
		82CC140E27FDB81B001A030F /* AppDelegate.swift in Sources */ = {isa = PBXBuildFile; fileRef = 82CC140D27FDB81B001A030F /* AppDelegate.swift */; };
		82CC141127FDB81B001A030F /* Main.storyboard in Resources */ = {isa = PBXBuildFile; fileRef = 82CC140F27FDB81B001A030F /* Main.storyboard */; };
		82CC141827FDB81B001A030F /* App Extension.appex in Embed App Extensions */ = {isa = PBXBuildFile; fileRef = 82CC141727FDB81B001A030F /* App Extension.appex */; settings = {ATTRIBUTES = (RemoveHeadersOnCopy, ); }; };
		82CC142227FDB81B001A030F /* App Extension.appex in Embed App Extensions */ = {isa = PBXBuildFile; fileRef = 82CC142127FDB81B001A030F /* App Extension.appex */; settings = {ATTRIBUTES = (RemoveHeadersOnCopy, ); }; };
		82CC142827FDB81B001A030F /* Main.html in Resources */ = {isa = PBXBuildFile; fileRef = 82CC13E327FDB81A001A030F /* Main.html */; };
		82CC142927FDB81B001A030F /* Main.html in Resources */ = {isa = PBXBuildFile; fileRef = 82CC13E327FDB81A001A030F /* Main.html */; };
		82CC142A27FDB81B001A030F /* Icon.png in Resources */ = {isa = PBXBuildFile; fileRef = 82CC13E527FDB81A001A030F /* Icon.png */; };
		82CC142B27FDB81B001A030F /* Icon.png in Resources */ = {isa = PBXBuildFile; fileRef = 82CC13E527FDB81A001A030F /* Icon.png */; };
		82CC142C27FDB81B001A030F /* Style.css in Resources */ = {isa = PBXBuildFile; fileRef = 82CC13E627FDB81A001A030F /* Style.css */; };
		82CC142D27FDB81B001A030F /* Style.css in Resources */ = {isa = PBXBuildFile; fileRef = 82CC13E627FDB81A001A030F /* Style.css */; };
		82CC142E27FDB81B001A030F /* Script.js in Resources */ = {isa = PBXBuildFile; fileRef = 82CC13E727FDB81A001A030F /* Script.js */; };
		82CC142F27FDB81B001A030F /* Script.js in Resources */ = {isa = PBXBuildFile; fileRef = 82CC13E727FDB81A001A030F /* Script.js */; };
		82CC143027FDB81B001A030F /* ViewController.swift in Sources */ = {isa = PBXBuildFile; fileRef = 82CC13E827FDB81A001A030F /* ViewController.swift */; };
		82CC143127FDB81B001A030F /* ViewController.swift in Sources */ = {isa = PBXBuildFile; fileRef = 82CC13E827FDB81A001A030F /* ViewController.swift */; };
		82CC143227FDB81B001A030F /* Assets.xcassets in Resources */ = {isa = PBXBuildFile; fileRef = 82CC13E927FDB81B001A030F /* Assets.xcassets */; };
		82CC143327FDB81B001A030F /* Assets.xcassets in Resources */ = {isa = PBXBuildFile; fileRef = 82CC13E927FDB81B001A030F /* Assets.xcassets */; };
		82CC143427FDB81B001A030F /* SafariWebExtensionHandler.swift in Sources */ = {isa = PBXBuildFile; fileRef = 82CC13EB27FDB81B001A030F /* SafariWebExtensionHandler.swift */; };
		82CC143527FDB81B001A030F /* SafariWebExtensionHandler.swift in Sources */ = {isa = PBXBuildFile; fileRef = 82CC13EB27FDB81B001A030F /* SafariWebExtensionHandler.swift */; };
		82CC143627FDB81B001A030F /* _locales in Resources */ = {isa = PBXBuildFile; fileRef = 82CC13ED27FDB81B001A030F /* _locales */; };
		82CC143727FDB81B001A030F /* _locales in Resources */ = {isa = PBXBuildFile; fileRef = 82CC13ED27FDB81B001A030F /* _locales */; };
		82CC145727FDBAE2001A030F /* manifest.json in Resources */ = {isa = PBXBuildFile; fileRef = 82CC145627FDBAE2001A030F /* manifest.json */; };
		82CC145827FDBAE2001A030F /* manifest.json in Resources */ = {isa = PBXBuildFile; fileRef = 82CC145627FDBAE2001A030F /* manifest.json */; };
		82CC145A27FDC21B001A030F /* icons in Resources */ = {isa = PBXBuildFile; fileRef = 82CC145927FDC21B001A030F /* icons */; };
		82CC145B27FDC21B001A030F /* icons in Resources */ = {isa = PBXBuildFile; fileRef = 82CC145927FDC21B001A030F /* icons */; };
		82CC145F27FDC29F001A030F /* content.js in Resources */ = {isa = PBXBuildFile; fileRef = 82CC145C27FDC29F001A030F /* content.js */; };
		82CC146027FDC29F001A030F /* content.js in Resources */ = {isa = PBXBuildFile; fileRef = 82CC145C27FDC29F001A030F /* content.js */; };
		82CC146127FDC29F001A030F /* popup in Resources */ = {isa = PBXBuildFile; fileRef = 82CC145D27FDC29F001A030F /* popup */; };
		82CC146227FDC29F001A030F /* popup in Resources */ = {isa = PBXBuildFile; fileRef = 82CC145D27FDC29F001A030F /* popup */; };
		82CC146327FDC29F001A030F /* background.js in Resources */ = {isa = PBXBuildFile; fileRef = 82CC145E27FDC29F001A030F /* background.js */; };
		82CC146427FDC29F001A030F /* background.js in Resources */ = {isa = PBXBuildFile; fileRef = 82CC145E27FDC29F001A030F /* background.js */; };
/* End PBXBuildFile section */

/* Begin PBXContainerItemProxy section */
		8291832B27FF10E900CAFD3A /* PBXContainerItemProxy */ = {
			isa = PBXContainerItemProxy;
			containerPortal = 82CC13DD27FDB81A001A030F /* Project object */;
			proxyType = 1;
			remoteGlobalIDString = 8291832227FF10E900CAFD3A;
			remoteInfo = "iOS (ShareExtension)";
		};
		82CC141927FDB81B001A030F /* PBXContainerItemProxy */ = {
			isa = PBXContainerItemProxy;
			containerPortal = 82CC13DD27FDB81A001A030F /* Project object */;
			proxyType = 1;
			remoteGlobalIDString = 82CC141627FDB81B001A030F;
			remoteInfo = "hlidac shopu Extension (iOS)";
		};
		82CC142327FDB81B001A030F /* PBXContainerItemProxy */ = {
			isa = PBXContainerItemProxy;
			containerPortal = 82CC13DD27FDB81A001A030F /* Project object */;
			proxyType = 1;
			remoteGlobalIDString = 82CC142027FDB81B001A030F;
			remoteInfo = "hlidac shopu Extension (macOS)";
		};
/* End PBXContainerItemProxy section */

/* Begin PBXCopyFilesBuildPhase section */
		82CC144B27FDB81B001A030F /* Embed App Extensions */ = {
			isa = PBXCopyFilesBuildPhase;
			buildActionMask = 2147483647;
			dstPath = "";
			dstSubfolderSpec = 13;
			files = (
				8291832D27FF10E900CAFD3A /* App ShareExtension.appex in Embed App Extensions */,
				82CC141827FDB81B001A030F /* App Extension.appex in Embed App Extensions */,
			);
			name = "Embed App Extensions";
			runOnlyForDeploymentPostprocessing = 0;
		};
		82CC145227FDB81B001A030F /* Embed App Extensions */ = {
			isa = PBXCopyFilesBuildPhase;
			buildActionMask = 2147483647;
			dstPath = "";
			dstSubfolderSpec = 13;
			files = (
				82CC142227FDB81B001A030F /* App Extension.appex in Embed App Extensions */,
			);
			name = "Embed App Extensions";
			runOnlyForDeploymentPostprocessing = 0;
		};
/* End PBXCopyFilesBuildPhase section */

/* Begin PBXFileReference section */
		824D781C27FF1B17004A5882 /* GetURL.js */ = {isa = PBXFileReference; fileEncoding = 4; lastKnownFileType = sourcecode.javascript; path = GetURL.js; sourceTree = "<group>"; };
		828163DB280436680087C5B7 /* App-macOS-Info.plist */ = {isa = PBXFileReference; lastKnownFileType = text.plist; path = "App-macOS-Info.plist"; sourceTree = "<group>"; };
		8291832327FF10E900CAFD3A /* App ShareExtension.appex */ = {isa = PBXFileReference; explicitFileType = "wrapper.app-extension"; includeInIndex = 0; path = "App ShareExtension.appex"; sourceTree = BUILT_PRODUCTS_DIR; };
		8291832527FF10E900CAFD3A /* ShareViewController.swift */ = {isa = PBXFileReference; lastKnownFileType = sourcecode.swift; path = ShareViewController.swift; sourceTree = "<group>"; };
		8291832827FF10E900CAFD3A /* Base */ = {isa = PBXFileReference; lastKnownFileType = file.storyboard; name = Base; path = Base.lproj/MainInterface.storyboard; sourceTree = "<group>"; };
		8291832A27FF10E900CAFD3A /* Info.plist */ = {isa = PBXFileReference; lastKnownFileType = text.plist.xml; path = Info.plist; sourceTree = "<group>"; };
		82CC13E427FDB81A001A030F /* Base */ = {isa = PBXFileReference; lastKnownFileType = text.html; name = Base; path = ../Base.lproj/Main.html; sourceTree = "<group>"; };
		82CC13E527FDB81A001A030F /* Icon.png */ = {isa = PBXFileReference; lastKnownFileType = image.png; path = Icon.png; sourceTree = "<group>"; };
		82CC13E627FDB81A001A030F /* Style.css */ = {isa = PBXFileReference; lastKnownFileType = text.css; path = Style.css; sourceTree = "<group>"; };
		82CC13E727FDB81A001A030F /* Script.js */ = {isa = PBXFileReference; lastKnownFileType = sourcecode.javascript; path = Script.js; sourceTree = "<group>"; };
		82CC13E827FDB81A001A030F /* ViewController.swift */ = {isa = PBXFileReference; lastKnownFileType = sourcecode.swift; path = ViewController.swift; sourceTree = "<group>"; };
		82CC13E927FDB81B001A030F /* Assets.xcassets */ = {isa = PBXFileReference; lastKnownFileType = folder.assetcatalog; path = Assets.xcassets; sourceTree = "<group>"; };
		82CC13EB27FDB81B001A030F /* SafariWebExtensionHandler.swift */ = {isa = PBXFileReference; lastKnownFileType = sourcecode.swift; path = SafariWebExtensionHandler.swift; sourceTree = "<group>"; };
		82CC13ED27FDB81B001A030F /* _locales */ = {isa = PBXFileReference; lastKnownFileType = folder; path = _locales; sourceTree = "<group>"; };
		82CC13F927FDB81B001A030F /* App.app */ = {isa = PBXFileReference; explicitFileType = wrapper.application; includeInIndex = 0; path = App.app; sourceTree = BUILT_PRODUCTS_DIR; };
		82CC13FC27FDB81B001A030F /* AppDelegate.swift */ = {isa = PBXFileReference; lastKnownFileType = sourcecode.swift; path = AppDelegate.swift; sourceTree = "<group>"; };
		82CC13FE27FDB81B001A030F /* SceneDelegate.swift */ = {isa = PBXFileReference; lastKnownFileType = sourcecode.swift; path = SceneDelegate.swift; sourceTree = "<group>"; };
		82CC140127FDB81B001A030F /* Base */ = {isa = PBXFileReference; lastKnownFileType = file.storyboard; name = Base; path = Base.lproj/LaunchScreen.storyboard; sourceTree = "<group>"; };
		82CC140427FDB81B001A030F /* Base */ = {isa = PBXFileReference; lastKnownFileType = file.storyboard; name = Base; path = Base.lproj/Main.storyboard; sourceTree = "<group>"; };
		82CC140627FDB81B001A030F /* Info.plist */ = {isa = PBXFileReference; lastKnownFileType = text.plist.xml; path = Info.plist; sourceTree = "<group>"; };
		82CC140B27FDB81B001A030F /* App.app */ = {isa = PBXFileReference; explicitFileType = wrapper.application; includeInIndex = 0; path = App.app; sourceTree = BUILT_PRODUCTS_DIR; };
		82CC140D27FDB81B001A030F /* AppDelegate.swift */ = {isa = PBXFileReference; lastKnownFileType = sourcecode.swift; path = AppDelegate.swift; sourceTree = "<group>"; };
		82CC141027FDB81B001A030F /* Base */ = {isa = PBXFileReference; lastKnownFileType = file.storyboard; name = Base; path = Base.lproj/Main.storyboard; sourceTree = "<group>"; };
		82CC141227FDB81B001A030F /* hlidac shopu.entitlements */ = {isa = PBXFileReference; lastKnownFileType = text.plist.entitlements; path = "hlidac shopu.entitlements"; sourceTree = "<group>"; };
		82CC141727FDB81B001A030F /* App Extension.appex */ = {isa = PBXFileReference; explicitFileType = "wrapper.app-extension"; includeInIndex = 0; path = "App Extension.appex"; sourceTree = BUILT_PRODUCTS_DIR; };
		82CC141C27FDB81B001A030F /* Info.plist */ = {isa = PBXFileReference; lastKnownFileType = text.plist.xml; path = Info.plist; sourceTree = "<group>"; };
		82CC142127FDB81B001A030F /* App Extension.appex */ = {isa = PBXFileReference; explicitFileType = "wrapper.app-extension"; includeInIndex = 0; path = "App Extension.appex"; sourceTree = BUILT_PRODUCTS_DIR; };
		82CC142627FDB81B001A030F /* Info.plist */ = {isa = PBXFileReference; lastKnownFileType = text.plist.xml; path = Info.plist; sourceTree = "<group>"; };
		82CC142727FDB81B001A030F /* hlidac shopu.entitlements */ = {isa = PBXFileReference; lastKnownFileType = text.plist.entitlements; path = "hlidac shopu.entitlements"; sourceTree = "<group>"; };
		82CC145627FDBAE2001A030F /* manifest.json */ = {isa = PBXFileReference; fileEncoding = 4; lastKnownFileType = text.json; name = manifest.json; path = ../../../extension/manifest.json; sourceTree = "<group>"; };
		82CC145927FDC21B001A030F /* icons */ = {isa = PBXFileReference; lastKnownFileType = folder; name = icons; path = ../../../extension/icons; sourceTree = "<group>"; };
		82CC145C27FDC29F001A030F /* content.js */ = {isa = PBXFileReference; fileEncoding = 4; lastKnownFileType = sourcecode.javascript; name = content.js; path = ../../../extension/content.js; sourceTree = "<group>"; };
		82CC145D27FDC29F001A030F /* popup */ = {isa = PBXFileReference; lastKnownFileType = folder; name = popup; path = ../../../extension/popup; sourceTree = "<group>"; };
		82CC145E27FDC29F001A030F /* background.js */ = {isa = PBXFileReference; fileEncoding = 4; lastKnownFileType = sourcecode.javascript; name = background.js; path = ../../../extension/background.js; sourceTree = "<group>"; };
/* End PBXFileReference section */

/* Begin PBXFrameworksBuildPhase section */
		8291832027FF10E900CAFD3A /* Frameworks */ = {
			isa = PBXFrameworksBuildPhase;
			buildActionMask = 2147483647;
			files = (
			);
			runOnlyForDeploymentPostprocessing = 0;
		};
		82CC13F627FDB81B001A030F /* Frameworks */ = {
			isa = PBXFrameworksBuildPhase;
			buildActionMask = 2147483647;
			files = (
			);
			runOnlyForDeploymentPostprocessing = 0;
		};
		82CC140827FDB81B001A030F /* Frameworks */ = {
			isa = PBXFrameworksBuildPhase;
			buildActionMask = 2147483647;
			files = (
			);
			runOnlyForDeploymentPostprocessing = 0;
		};
		82CC141427FDB81B001A030F /* Frameworks */ = {
			isa = PBXFrameworksBuildPhase;
			buildActionMask = 2147483647;
			files = (
			);
			runOnlyForDeploymentPostprocessing = 0;
		};
		82CC141E27FDB81B001A030F /* Frameworks */ = {
			isa = PBXFrameworksBuildPhase;
			buildActionMask = 2147483647;
			files = (
			);
			runOnlyForDeploymentPostprocessing = 0;
		};
/* End PBXFrameworksBuildPhase section */

/* Begin PBXGroup section */
		8291832427FF10E900CAFD3A /* iOS (ShareExtension) */ = {
			isa = PBXGroup;
			children = (
				824D781C27FF1B17004A5882 /* GetURL.js */,
				8291832527FF10E900CAFD3A /* ShareViewController.swift */,
				8291832727FF10E900CAFD3A /* MainInterface.storyboard */,
				8291832A27FF10E900CAFD3A /* Info.plist */,
			);
			path = "iOS (ShareExtension)";
			sourceTree = "<group>";
		};
		82CC13DC27FDB81A001A030F = {
			isa = PBXGroup;
			children = (
				828163DB280436680087C5B7 /* App-macOS-Info.plist */,
				82CC13E127FDB81A001A030F /* Shared (App) */,
				82CC13EA27FDB81B001A030F /* Shared (Extension) */,
				82CC13FB27FDB81B001A030F /* iOS (App) */,
				82CC140C27FDB81B001A030F /* macOS (App) */,
				82CC141B27FDB81B001A030F /* iOS (Extension) */,
				82CC142527FDB81B001A030F /* macOS (Extension) */,
				8291832427FF10E900CAFD3A /* iOS (ShareExtension) */,
				82CC13FA27FDB81B001A030F /* Products */,
			);
			sourceTree = "<group>";
		};
		82CC13E127FDB81A001A030F /* Shared (App) */ = {
			isa = PBXGroup;
			children = (
				82CC13E827FDB81A001A030F /* ViewController.swift */,
				82CC13E927FDB81B001A030F /* Assets.xcassets */,
				82CC13E227FDB81A001A030F /* Resources */,
			);
			path = "Shared (App)";
			sourceTree = "<group>";
		};
		82CC13E227FDB81A001A030F /* Resources */ = {
			isa = PBXGroup;
			children = (
				82CC13E327FDB81A001A030F /* Main.html */,
				82CC13E527FDB81A001A030F /* Icon.png */,
				82CC13E627FDB81A001A030F /* Style.css */,
				82CC13E727FDB81A001A030F /* Script.js */,
			);
			path = Resources;
			sourceTree = "<group>";
		};
		82CC13EA27FDB81B001A030F /* Shared (Extension) */ = {
			isa = PBXGroup;
			children = (
				82CC13EB27FDB81B001A030F /* SafariWebExtensionHandler.swift */,
				82CC13EC27FDB81B001A030F /* Resources */,
			);
			path = "Shared (Extension)";
			sourceTree = "<group>";
		};
		82CC13EC27FDB81B001A030F /* Resources */ = {
			isa = PBXGroup;
			children = (
				82CC145E27FDC29F001A030F /* background.js */,
				82CC145C27FDC29F001A030F /* content.js */,
				82CC145D27FDC29F001A030F /* popup */,
				82CC145627FDBAE2001A030F /* manifest.json */,
				82CC13ED27FDB81B001A030F /* _locales */,
				82CC145927FDC21B001A030F /* icons */,
			);
			path = Resources;
			sourceTree = "<group>";
		};
		82CC13FA27FDB81B001A030F /* Products */ = {
			isa = PBXGroup;
			children = (
				82CC13F927FDB81B001A030F /* App.app */,
				82CC140B27FDB81B001A030F /* App.app */,
				82CC141727FDB81B001A030F /* App Extension.appex */,
				82CC142127FDB81B001A030F /* App Extension.appex */,
				8291832327FF10E900CAFD3A /* App ShareExtension.appex */,
			);
			name = Products;
			sourceTree = "<group>";
		};
		82CC13FB27FDB81B001A030F /* iOS (App) */ = {
			isa = PBXGroup;
			children = (
				82CC13FC27FDB81B001A030F /* AppDelegate.swift */,
				82CC13FE27FDB81B001A030F /* SceneDelegate.swift */,
				82CC140027FDB81B001A030F /* LaunchScreen.storyboard */,
				82CC140327FDB81B001A030F /* Main.storyboard */,
				82CC140627FDB81B001A030F /* Info.plist */,
			);
			path = "iOS (App)";
			sourceTree = "<group>";
		};
		82CC140C27FDB81B001A030F /* macOS (App) */ = {
			isa = PBXGroup;
			children = (
				82CC140D27FDB81B001A030F /* AppDelegate.swift */,
				82CC140F27FDB81B001A030F /* Main.storyboard */,
				82CC141227FDB81B001A030F /* hlidac shopu.entitlements */,
			);
			path = "macOS (App)";
			sourceTree = "<group>";
		};
		82CC141B27FDB81B001A030F /* iOS (Extension) */ = {
			isa = PBXGroup;
			children = (
				82CC141C27FDB81B001A030F /* Info.plist */,
			);
			path = "iOS (Extension)";
			sourceTree = "<group>";
		};
		82CC142527FDB81B001A030F /* macOS (Extension) */ = {
			isa = PBXGroup;
			children = (
				82CC142627FDB81B001A030F /* Info.plist */,
				82CC142727FDB81B001A030F /* hlidac shopu.entitlements */,
			);
			path = "macOS (Extension)";
			sourceTree = "<group>";
		};
/* End PBXGroup section */

/* Begin PBXNativeTarget section */
		8291832227FF10E900CAFD3A /* App ShareExtension */ = {
			isa = PBXNativeTarget;
			buildConfigurationList = 8291833027FF10E900CAFD3A /* Build configuration list for PBXNativeTarget "App ShareExtension" */;
			buildPhases = (
				8291831F27FF10E900CAFD3A /* Sources */,
				8291832027FF10E900CAFD3A /* Frameworks */,
				8291832127FF10E900CAFD3A /* Resources */,
			);
			buildRules = (
			);
			dependencies = (
			);
			name = "App ShareExtension";
			productName = "iOS (ShareExtension)";
			productReference = 8291832327FF10E900CAFD3A /* App ShareExtension.appex */;
			productType = "com.apple.product-type.app-extension";
		};
		82CC13F827FDB81B001A030F /* iOS app */ = {
			isa = PBXNativeTarget;
			buildConfigurationList = 82CC144C27FDB81B001A030F /* Build configuration list for PBXNativeTarget "iOS app" */;
			buildPhases = (
				82CC13F527FDB81B001A030F /* Sources */,
				82CC13F627FDB81B001A030F /* Frameworks */,
				82CC13F727FDB81B001A030F /* Resources */,
				82CC144B27FDB81B001A030F /* Embed App Extensions */,
			);
			buildRules = (
			);
			dependencies = (
				82CC141A27FDB81B001A030F /* PBXTargetDependency */,
				8291832C27FF10E900CAFD3A /* PBXTargetDependency */,
			);
			name = "iOS app";
			productName = "hlidac shopu (iOS)";
			productReference = 82CC13F927FDB81B001A030F /* App.app */;
			productType = "com.apple.product-type.application";
		};
		82CC140A27FDB81B001A030F /* macOS app */ = {
			isa = PBXNativeTarget;
			buildConfigurationList = 82CC145327FDB81B001A030F /* Build configuration list for PBXNativeTarget "macOS app" */;
			buildPhases = (
				82CC140727FDB81B001A030F /* Sources */,
				82CC140827FDB81B001A030F /* Frameworks */,
				82CC140927FDB81B001A030F /* Resources */,
				82CC145227FDB81B001A030F /* Embed App Extensions */,
			);
			buildRules = (
			);
			dependencies = (
				82CC142427FDB81B001A030F /* PBXTargetDependency */,
			);
			name = "macOS app";
			productName = "hlidac shopu (macOS)";
			productReference = 82CC140B27FDB81B001A030F /* App.app */;
			productType = "com.apple.product-type.application";
		};
		82CC141627FDB81B001A030F /* App Extension (iOS) */ = {
			isa = PBXNativeTarget;
			buildConfigurationList = 82CC144827FDB81B001A030F /* Build configuration list for PBXNativeTarget "App Extension (iOS)" */;
			buildPhases = (
				82CC141327FDB81B001A030F /* Sources */,
				82CC141427FDB81B001A030F /* Frameworks */,
				82CC141527FDB81B001A030F /* Resources */,
			);
			buildRules = (
			);
			dependencies = (
			);
			name = "App Extension (iOS)";
			productName = "hlidac shopu Extension (iOS)";
			productReference = 82CC141727FDB81B001A030F /* App Extension.appex */;
			productType = "com.apple.product-type.app-extension";
		};
		82CC142027FDB81B001A030F /* App Extension (macOS) */ = {
			isa = PBXNativeTarget;
			buildConfigurationList = 82CC144F27FDB81B001A030F /* Build configuration list for PBXNativeTarget "App Extension (macOS)" */;
			buildPhases = (
				82CC141D27FDB81B001A030F /* Sources */,
				82CC141E27FDB81B001A030F /* Frameworks */,
				82CC141F27FDB81B001A030F /* Resources */,
			);
			buildRules = (
			);
			dependencies = (
			);
			name = "App Extension (macOS)";
			productName = "hlidac shopu Extension (macOS)";
			productReference = 82CC142127FDB81B001A030F /* App Extension.appex */;
			productType = "com.apple.product-type.app-extension";
		};
/* End PBXNativeTarget section */

/* Begin PBXProject section */
		82CC13DD27FDB81A001A030F /* Project object */ = {
			isa = PBXProject;
			attributes = {
				BuildIndependentTargetsInParallel = 1;
				LastSwiftUpdateCheck = 1330;
				LastUpgradeCheck = 1330;
				TargetAttributes = {
					8291832227FF10E900CAFD3A = {
						CreatedOnToolsVersion = 13.3;
					};
					82CC13F827FDB81B001A030F = {
						CreatedOnToolsVersion = 13.3;
					};
					82CC140A27FDB81B001A030F = {
						CreatedOnToolsVersion = 13.3;
					};
					82CC141627FDB81B001A030F = {
						CreatedOnToolsVersion = 13.3;
					};
					82CC142027FDB81B001A030F = {
						CreatedOnToolsVersion = 13.3;
					};
				};
			};
			buildConfigurationList = 82CC13E027FDB81A001A030F /* Build configuration list for PBXProject "App" */;
			compatibilityVersion = "Xcode 13.0";
			developmentRegion = en;
			hasScannedForEncodings = 0;
			knownRegions = (
				en,
				Base,
			);
			mainGroup = 82CC13DC27FDB81A001A030F;
			productRefGroup = 82CC13FA27FDB81B001A030F /* Products */;
			projectDirPath = "";
			projectRoot = "";
			targets = (
				82CC13F827FDB81B001A030F /* iOS app */,
				82CC140A27FDB81B001A030F /* macOS app */,
				82CC141627FDB81B001A030F /* App Extension (iOS) */,
				82CC142027FDB81B001A030F /* App Extension (macOS) */,
				8291832227FF10E900CAFD3A /* App ShareExtension */,
			);
		};
/* End PBXProject section */

/* Begin PBXResourcesBuildPhase section */
		8291832127FF10E900CAFD3A /* Resources */ = {
			isa = PBXResourcesBuildPhase;
			buildActionMask = 2147483647;
			files = (
				8291832927FF10E900CAFD3A /* MainInterface.storyboard in Resources */,
			);
			runOnlyForDeploymentPostprocessing = 0;
		};
		82CC13F727FDB81B001A030F /* Resources */ = {
			isa = PBXResourcesBuildPhase;
			buildActionMask = 2147483647;
			files = (
				82CC142A27FDB81B001A030F /* Icon.png in Resources */,
				82CC140227FDB81B001A030F /* LaunchScreen.storyboard in Resources */,
				82CC142827FDB81B001A030F /* Main.html in Resources */,
				82CC142E27FDB81B001A030F /* Script.js in Resources */,
				82CC143227FDB81B001A030F /* Assets.xcassets in Resources */,
				82CC140527FDB81B001A030F /* Main.storyboard in Resources */,
				82CC142C27FDB81B001A030F /* Style.css in Resources */,
				824D781D27FF1B17004A5882 /* GetURL.js in Resources */,
			);
			runOnlyForDeploymentPostprocessing = 0;
		};
		82CC140927FDB81B001A030F /* Resources */ = {
			isa = PBXResourcesBuildPhase;
			buildActionMask = 2147483647;
			files = (
				82CC142B27FDB81B001A030F /* Icon.png in Resources */,
				82CC142D27FDB81B001A030F /* Style.css in Resources */,
				82CC141127FDB81B001A030F /* Main.storyboard in Resources */,
				82CC142F27FDB81B001A030F /* Script.js in Resources */,
				82CC143327FDB81B001A030F /* Assets.xcassets in Resources */,
				82CC142927FDB81B001A030F /* Main.html in Resources */,
			);
			runOnlyForDeploymentPostprocessing = 0;
		};
		82CC141527FDB81B001A030F /* Resources */ = {
			isa = PBXResourcesBuildPhase;
			buildActionMask = 2147483647;
			files = (
				82CC145F27FDC29F001A030F /* content.js in Resources */,
				82CC145A27FDC21B001A030F /* icons in Resources */,
				82CC146127FDC29F001A030F /* popup in Resources */,
				82CC145727FDBAE2001A030F /* manifest.json in Resources */,
				82CC146327FDC29F001A030F /* background.js in Resources */,
				82CC143627FDB81B001A030F /* _locales in Resources */,
			);
			runOnlyForDeploymentPostprocessing = 0;
		};
		82CC141F27FDB81B001A030F /* Resources */ = {
			isa = PBXResourcesBuildPhase;
			buildActionMask = 2147483647;
			files = (
				82CC146027FDC29F001A030F /* content.js in Resources */,
				82CC145B27FDC21B001A030F /* icons in Resources */,
				82CC146227FDC29F001A030F /* popup in Resources */,
				82CC145827FDBAE2001A030F /* manifest.json in Resources */,
				82CC146427FDC29F001A030F /* background.js in Resources */,
				82CC143727FDB81B001A030F /* _locales in Resources */,
			);
			runOnlyForDeploymentPostprocessing = 0;
		};
/* End PBXResourcesBuildPhase section */

/* Begin PBXSourcesBuildPhase section */
		8291831F27FF10E900CAFD3A /* Sources */ = {
			isa = PBXSourcesBuildPhase;
			buildActionMask = 2147483647;
			files = (
				824D781F27FF1B51004A5882 /* ShareViewController.swift in Sources */,
			);
			runOnlyForDeploymentPostprocessing = 0;
		};
		82CC13F527FDB81B001A030F /* Sources */ = {
			isa = PBXSourcesBuildPhase;
			buildActionMask = 2147483647;
			files = (
				82CC143027FDB81B001A030F /* ViewController.swift in Sources */,
				82CC13FD27FDB81B001A030F /* AppDelegate.swift in Sources */,
				824D782027FF1B53004A5882 /* ShareViewController.swift in Sources */,
				82CC13FF27FDB81B001A030F /* SceneDelegate.swift in Sources */,
			);
			runOnlyForDeploymentPostprocessing = 0;
		};
		82CC140727FDB81B001A030F /* Sources */ = {
			isa = PBXSourcesBuildPhase;
			buildActionMask = 2147483647;
			files = (
				82CC143127FDB81B001A030F /* ViewController.swift in Sources */,
				82CC140E27FDB81B001A030F /* AppDelegate.swift in Sources */,
			);
			runOnlyForDeploymentPostprocessing = 0;
		};
		82CC141327FDB81B001A030F /* Sources */ = {
			isa = PBXSourcesBuildPhase;
			buildActionMask = 2147483647;
			files = (
				82CC143427FDB81B001A030F /* SafariWebExtensionHandler.swift in Sources */,
			);
			runOnlyForDeploymentPostprocessing = 0;
		};
		82CC141D27FDB81B001A030F /* Sources */ = {
			isa = PBXSourcesBuildPhase;
			buildActionMask = 2147483647;
			files = (
				82CC143527FDB81B001A030F /* SafariWebExtensionHandler.swift in Sources */,
			);
			runOnlyForDeploymentPostprocessing = 0;
		};
/* End PBXSourcesBuildPhase section */

/* Begin PBXTargetDependency section */
		8291832C27FF10E900CAFD3A /* PBXTargetDependency */ = {
			isa = PBXTargetDependency;
			target = 8291832227FF10E900CAFD3A /* App ShareExtension */;
			targetProxy = 8291832B27FF10E900CAFD3A /* PBXContainerItemProxy */;
		};
		82CC141A27FDB81B001A030F /* PBXTargetDependency */ = {
			isa = PBXTargetDependency;
			target = 82CC141627FDB81B001A030F /* App Extension (iOS) */;
			targetProxy = 82CC141927FDB81B001A030F /* PBXContainerItemProxy */;
		};
		82CC142427FDB81B001A030F /* PBXTargetDependency */ = {
			isa = PBXTargetDependency;
			target = 82CC142027FDB81B001A030F /* App Extension (macOS) */;
			targetProxy = 82CC142327FDB81B001A030F /* PBXContainerItemProxy */;
		};
/* End PBXTargetDependency section */

/* Begin PBXVariantGroup section */
		8291832727FF10E900CAFD3A /* MainInterface.storyboard */ = {
			isa = PBXVariantGroup;
			children = (
				8291832827FF10E900CAFD3A /* Base */,
			);
			name = MainInterface.storyboard;
			sourceTree = "<group>";
		};
		82CC13E327FDB81A001A030F /* Main.html */ = {
			isa = PBXVariantGroup;
			children = (
				82CC13E427FDB81A001A030F /* Base */,
			);
			name = Main.html;
			sourceTree = "<group>";
		};
		82CC140027FDB81B001A030F /* LaunchScreen.storyboard */ = {
			isa = PBXVariantGroup;
			children = (
				82CC140127FDB81B001A030F /* Base */,
			);
			name = LaunchScreen.storyboard;
			sourceTree = "<group>";
		};
		82CC140327FDB81B001A030F /* Main.storyboard */ = {
			isa = PBXVariantGroup;
			children = (
				82CC140427FDB81B001A030F /* Base */,
			);
			name = Main.storyboard;
			sourceTree = "<group>";
		};
		82CC140F27FDB81B001A030F /* Main.storyboard */ = {
			isa = PBXVariantGroup;
			children = (
				82CC141027FDB81B001A030F /* Base */,
			);
			name = Main.storyboard;
			sourceTree = "<group>";
		};
/* End PBXVariantGroup section */

/* Begin XCBuildConfiguration section */
		8291832E27FF10E900CAFD3A /* Debug */ = {
			isa = XCBuildConfiguration;
			buildSettings = {
				CODE_SIGN_IDENTITY = "Apple Development";
				CODE_SIGN_STYLE = Automatic;
				CURRENT_PROJECT_VERSION = 10;
				DEVELOPMENT_TEAM = 8P5697C5H7;
				GENERATE_INFOPLIST_FILE = YES;
				INFOPLIST_FILE = "iOS (ShareExtension)/Info.plist";
				INFOPLIST_KEY_CFBundleDisplayName = "Ověřit pomocí Hlídače Shopů";
				INFOPLIST_KEY_NSHumanReadableCopyright = "";
				IPHONEOS_DEPLOYMENT_TARGET = 15.4;
				LD_RUNPATH_SEARCH_PATHS = (
					"$(inherited)",
					"@executable_path/Frameworks",
					"@executable_path/../../Frameworks",
				);
				MARKETING_VERSION = 2.0.0;
				PRODUCT_BUNDLE_IDENTIFIER = "com.topmonks.hlidac-shopu.ShareExtension";
				PRODUCT_NAME = "$(TARGET_NAME)";
				PROVISIONING_PROFILE_SPECIFIER = "";
				SDKROOT = iphoneos;
				SKIP_INSTALL = YES;
				SWIFT_EMIT_LOC_STRINGS = YES;
				SWIFT_VERSION = 5.0;
				TARGETED_DEVICE_FAMILY = "1,2";
			};
			name = Debug;
		};
		8291832F27FF10E900CAFD3A /* Release */ = {
			isa = XCBuildConfiguration;
			buildSettings = {
				CODE_SIGN_IDENTITY = "Apple Development";
				CODE_SIGN_STYLE = Automatic;
				CURRENT_PROJECT_VERSION = 10;
				DEVELOPMENT_TEAM = 8P5697C5H7;
				GENERATE_INFOPLIST_FILE = YES;
				INFOPLIST_FILE = "iOS (ShareExtension)/Info.plist";
				INFOPLIST_KEY_CFBundleDisplayName = "Ověřit pomocí Hlídače Shopů";
				INFOPLIST_KEY_NSHumanReadableCopyright = "";
				IPHONEOS_DEPLOYMENT_TARGET = 15.4;
				LD_RUNPATH_SEARCH_PATHS = (
					"$(inherited)",
					"@executable_path/Frameworks",
					"@executable_path/../../Frameworks",
				);
				MARKETING_VERSION = 2.0.0;
				PRODUCT_BUNDLE_IDENTIFIER = "com.topmonks.hlidac-shopu.ShareExtension";
				PRODUCT_NAME = "$(TARGET_NAME)";
				PROVISIONING_PROFILE_SPECIFIER = "";
				SDKROOT = iphoneos;
				SKIP_INSTALL = YES;
				SWIFT_EMIT_LOC_STRINGS = YES;
				SWIFT_VERSION = 5.0;
				TARGETED_DEVICE_FAMILY = "1,2";
				VALIDATE_PRODUCT = YES;
			};
			name = Release;
		};
		82CC144627FDB81B001A030F /* Debug */ = {
			isa = XCBuildConfiguration;
			buildSettings = {
				ALWAYS_SEARCH_USER_PATHS = NO;
				CLANG_ANALYZER_NONNULL = YES;
				CLANG_ANALYZER_NUMBER_OBJECT_CONVERSION = YES_AGGRESSIVE;
				CLANG_CXX_LANGUAGE_STANDARD = "gnu++17";
				CLANG_ENABLE_MODULES = YES;
				CLANG_ENABLE_OBJC_ARC = YES;
				CLANG_ENABLE_OBJC_WEAK = YES;
				CLANG_WARN_BLOCK_CAPTURE_AUTORELEASING = YES;
				CLANG_WARN_BOOL_CONVERSION = YES;
				CLANG_WARN_COMMA = YES;
				CLANG_WARN_CONSTANT_CONVERSION = YES;
				CLANG_WARN_DEPRECATED_OBJC_IMPLEMENTATIONS = YES;
				CLANG_WARN_DIRECT_OBJC_ISA_USAGE = YES_ERROR;
				CLANG_WARN_DOCUMENTATION_COMMENTS = YES;
				CLANG_WARN_EMPTY_BODY = YES;
				CLANG_WARN_ENUM_CONVERSION = YES;
				CLANG_WARN_INFINITE_RECURSION = YES;
				CLANG_WARN_INT_CONVERSION = YES;
				CLANG_WARN_NON_LITERAL_NULL_CONVERSION = YES;
				CLANG_WARN_OBJC_IMPLICIT_RETAIN_SELF = YES;
				CLANG_WARN_OBJC_LITERAL_CONVERSION = YES;
				CLANG_WARN_OBJC_ROOT_CLASS = YES_ERROR;
				CLANG_WARN_QUOTED_INCLUDE_IN_FRAMEWORK_HEADER = YES;
				CLANG_WARN_RANGE_LOOP_ANALYSIS = YES;
				CLANG_WARN_STRICT_PROTOTYPES = YES;
				CLANG_WARN_SUSPICIOUS_MOVE = YES;
				CLANG_WARN_UNGUARDED_AVAILABILITY = YES_AGGRESSIVE;
				CLANG_WARN_UNREACHABLE_CODE = YES;
				CLANG_WARN__DUPLICATE_METHOD_MATCH = YES;
				COPY_PHASE_STRIP = NO;
				DEBUG_INFORMATION_FORMAT = dwarf;
				ENABLE_STRICT_OBJC_MSGSEND = YES;
				ENABLE_TESTABILITY = YES;
				GCC_C_LANGUAGE_STANDARD = gnu11;
				GCC_DYNAMIC_NO_PIC = NO;
				GCC_NO_COMMON_BLOCKS = YES;
				GCC_OPTIMIZATION_LEVEL = 0;
				GCC_PREPROCESSOR_DEFINITIONS = (
					"DEBUG=1",
					"$(inherited)",
				);
				GCC_WARN_64_TO_32_BIT_CONVERSION = YES;
				GCC_WARN_ABOUT_RETURN_TYPE = YES_ERROR;
				GCC_WARN_UNDECLARED_SELECTOR = YES;
				GCC_WARN_UNINITIALIZED_AUTOS = YES_AGGRESSIVE;
				GCC_WARN_UNUSED_FUNCTION = YES;
				GCC_WARN_UNUSED_VARIABLE = YES;
				MTL_ENABLE_DEBUG_INFO = INCLUDE_SOURCE;
				MTL_FAST_MATH = YES;
				ONLY_ACTIVE_ARCH = YES;
				SWIFT_ACTIVE_COMPILATION_CONDITIONS = DEBUG;
				SWIFT_OPTIMIZATION_LEVEL = "-Onone";
			};
			name = Debug;
		};
		82CC144727FDB81B001A030F /* Release */ = {
			isa = XCBuildConfiguration;
			buildSettings = {
				ALWAYS_SEARCH_USER_PATHS = NO;
				CLANG_ANALYZER_NONNULL = YES;
				CLANG_ANALYZER_NUMBER_OBJECT_CONVERSION = YES_AGGRESSIVE;
				CLANG_CXX_LANGUAGE_STANDARD = "gnu++17";
				CLANG_ENABLE_MODULES = YES;
				CLANG_ENABLE_OBJC_ARC = YES;
				CLANG_ENABLE_OBJC_WEAK = YES;
				CLANG_WARN_BLOCK_CAPTURE_AUTORELEASING = YES;
				CLANG_WARN_BOOL_CONVERSION = YES;
				CLANG_WARN_COMMA = YES;
				CLANG_WARN_CONSTANT_CONVERSION = YES;
				CLANG_WARN_DEPRECATED_OBJC_IMPLEMENTATIONS = YES;
				CLANG_WARN_DIRECT_OBJC_ISA_USAGE = YES_ERROR;
				CLANG_WARN_DOCUMENTATION_COMMENTS = YES;
				CLANG_WARN_EMPTY_BODY = YES;
				CLANG_WARN_ENUM_CONVERSION = YES;
				CLANG_WARN_INFINITE_RECURSION = YES;
				CLANG_WARN_INT_CONVERSION = YES;
				CLANG_WARN_NON_LITERAL_NULL_CONVERSION = YES;
				CLANG_WARN_OBJC_IMPLICIT_RETAIN_SELF = YES;
				CLANG_WARN_OBJC_LITERAL_CONVERSION = YES;
				CLANG_WARN_OBJC_ROOT_CLASS = YES_ERROR;
				CLANG_WARN_QUOTED_INCLUDE_IN_FRAMEWORK_HEADER = YES;
				CLANG_WARN_RANGE_LOOP_ANALYSIS = YES;
				CLANG_WARN_STRICT_PROTOTYPES = YES;
				CLANG_WARN_SUSPICIOUS_MOVE = YES;
				CLANG_WARN_UNGUARDED_AVAILABILITY = YES_AGGRESSIVE;
				CLANG_WARN_UNREACHABLE_CODE = YES;
				CLANG_WARN__DUPLICATE_METHOD_MATCH = YES;
				COPY_PHASE_STRIP = NO;
				DEBUG_INFORMATION_FORMAT = "dwarf-with-dsym";
				ENABLE_NS_ASSERTIONS = NO;
				ENABLE_STRICT_OBJC_MSGSEND = YES;
				GCC_C_LANGUAGE_STANDARD = gnu11;
				GCC_NO_COMMON_BLOCKS = YES;
				GCC_WARN_64_TO_32_BIT_CONVERSION = YES;
				GCC_WARN_ABOUT_RETURN_TYPE = YES_ERROR;
				GCC_WARN_UNDECLARED_SELECTOR = YES;
				GCC_WARN_UNINITIALIZED_AUTOS = YES_AGGRESSIVE;
				GCC_WARN_UNUSED_FUNCTION = YES;
				GCC_WARN_UNUSED_VARIABLE = YES;
				MTL_ENABLE_DEBUG_INFO = NO;
				MTL_FAST_MATH = YES;
				SWIFT_COMPILATION_MODE = wholemodule;
				SWIFT_OPTIMIZATION_LEVEL = "-O";
			};
			name = Release;
		};
		82CC144927FDB81B001A030F /* Debug */ = {
			isa = XCBuildConfiguration;
			buildSettings = {
				CODE_SIGN_IDENTITY = "Apple Development";
				CODE_SIGN_STYLE = Automatic;
				CURRENT_PROJECT_VERSION = 10;
				DEVELOPMENT_TEAM = 8P5697C5H7;
				GENERATE_INFOPLIST_FILE = YES;
				INFOPLIST_FILE = "iOS (Extension)/Info.plist";
				INFOPLIST_KEY_CFBundleDisplayName = "Hlídač Shopů Rozšíření";
				INFOPLIST_KEY_NSHumanReadableCopyright = "";
				IPHONEOS_DEPLOYMENT_TARGET = 15.0;
				LD_RUNPATH_SEARCH_PATHS = (
					"$(inherited)",
					"@executable_path/Frameworks",
					"@executable_path/../../Frameworks",
				);
				MARKETING_VERSION = 2.0.0;
				OTHER_LDFLAGS = (
					"-framework",
					SafariServices,
				);
				PRODUCT_BUNDLE_IDENTIFIER = "com.topmonks.hlidac-shopu.Extension";
				PRODUCT_NAME = "App Extension";
				PROVISIONING_PROFILE_SPECIFIER = "";
				SDKROOT = iphoneos;
				SKIP_INSTALL = YES;
				SWIFT_EMIT_LOC_STRINGS = YES;
				SWIFT_VERSION = 5.0;
				TARGETED_DEVICE_FAMILY = "1,2";
			};
			name = Debug;
		};
		82CC144A27FDB81B001A030F /* Release */ = {
			isa = XCBuildConfiguration;
			buildSettings = {
				CODE_SIGN_IDENTITY = "Apple Development";
				CODE_SIGN_STYLE = Automatic;
				CURRENT_PROJECT_VERSION = 10;
				DEVELOPMENT_TEAM = 8P5697C5H7;
				GENERATE_INFOPLIST_FILE = YES;
				INFOPLIST_FILE = "iOS (Extension)/Info.plist";
				INFOPLIST_KEY_CFBundleDisplayName = "Hlídač Shopů Rozšíření";
				INFOPLIST_KEY_NSHumanReadableCopyright = "";
				IPHONEOS_DEPLOYMENT_TARGET = 15.0;
				LD_RUNPATH_SEARCH_PATHS = (
					"$(inherited)",
					"@executable_path/Frameworks",
					"@executable_path/../../Frameworks",
				);
				MARKETING_VERSION = 2.0.0;
				OTHER_LDFLAGS = (
					"-framework",
					SafariServices,
				);
				PRODUCT_BUNDLE_IDENTIFIER = "com.topmonks.hlidac-shopu.Extension";
				PRODUCT_NAME = "App Extension";
				PROVISIONING_PROFILE_SPECIFIER = "";
				SDKROOT = iphoneos;
				SKIP_INSTALL = YES;
				SWIFT_EMIT_LOC_STRINGS = YES;
				SWIFT_VERSION = 5.0;
				TARGETED_DEVICE_FAMILY = "1,2";
				VALIDATE_PRODUCT = YES;
			};
			name = Release;
		};
		82CC144D27FDB81B001A030F /* Debug */ = {
			isa = XCBuildConfiguration;
			buildSettings = {
				ALWAYS_EMBED_SWIFT_STANDARD_LIBRARIES = YES;
				ASSETCATALOG_COMPILER_APPICON_NAME = AppIcon;
				ASSETCATALOG_COMPILER_GLOBAL_ACCENT_COLOR_NAME = AccentColor;
				CODE_SIGN_IDENTITY = "Apple Development";
				CODE_SIGN_STYLE = Automatic;
				CURRENT_PROJECT_VERSION = 10;
				DEVELOPMENT_TEAM = 8P5697C5H7;
				GENERATE_INFOPLIST_FILE = YES;
				INFOPLIST_FILE = "iOS (App)/Info.plist";
				INFOPLIST_KEY_CFBundleDisplayName = "Hlídač Shopů";
				INFOPLIST_KEY_UIApplicationSupportsIndirectInputEvents = YES;
				INFOPLIST_KEY_UILaunchStoryboardName = LaunchScreen;
				INFOPLIST_KEY_UIMainStoryboardFile = Main;
				INFOPLIST_KEY_UISupportedInterfaceOrientations = "UIInterfaceOrientationPortrait UIInterfaceOrientationLandscapeLeft UIInterfaceOrientationLandscapeRight";
				INFOPLIST_KEY_UISupportedInterfaceOrientations_iPad = "UIInterfaceOrientationPortrait UIInterfaceOrientationPortraitUpsideDown UIInterfaceOrientationLandscapeLeft UIInterfaceOrientationLandscapeRight";
				IPHONEOS_DEPLOYMENT_TARGET = 15.0;
				LD_RUNPATH_SEARCH_PATHS = (
					"$(inherited)",
					"@executable_path/Frameworks",
				);
				MARKETING_VERSION = 2.0.0;
				OTHER_LDFLAGS = (
					"-framework",
					SafariServices,
					"-framework",
					WebKit,
				);
				PRODUCT_BUNDLE_IDENTIFIER = "com.topmonks.hlidac-shopu";
				PRODUCT_NAME = App;
				PROVISIONING_PROFILE_SPECIFIER = "";
				SDKROOT = iphoneos;
				SWIFT_EMIT_LOC_STRINGS = YES;
				SWIFT_VERSION = 5.0;
				TARGETED_DEVICE_FAMILY = "1,2";
			};
			name = Debug;
		};
		82CC144E27FDB81B001A030F /* Release */ = {
			isa = XCBuildConfiguration;
			buildSettings = {
				ALWAYS_EMBED_SWIFT_STANDARD_LIBRARIES = YES;
				ASSETCATALOG_COMPILER_APPICON_NAME = AppIcon;
				ASSETCATALOG_COMPILER_GLOBAL_ACCENT_COLOR_NAME = AccentColor;
				CODE_SIGN_IDENTITY = "Apple Development";
				CODE_SIGN_STYLE = Automatic;
				CURRENT_PROJECT_VERSION = 10;
				DEVELOPMENT_TEAM = 8P5697C5H7;
				GENERATE_INFOPLIST_FILE = YES;
				INFOPLIST_FILE = "iOS (App)/Info.plist";
				INFOPLIST_KEY_CFBundleDisplayName = "Hlídač Shopů";
				INFOPLIST_KEY_UIApplicationSupportsIndirectInputEvents = YES;
				INFOPLIST_KEY_UILaunchStoryboardName = LaunchScreen;
				INFOPLIST_KEY_UIMainStoryboardFile = Main;
				INFOPLIST_KEY_UISupportedInterfaceOrientations = "UIInterfaceOrientationPortrait UIInterfaceOrientationLandscapeLeft UIInterfaceOrientationLandscapeRight";
				INFOPLIST_KEY_UISupportedInterfaceOrientations_iPad = "UIInterfaceOrientationPortrait UIInterfaceOrientationPortraitUpsideDown UIInterfaceOrientationLandscapeLeft UIInterfaceOrientationLandscapeRight";
				IPHONEOS_DEPLOYMENT_TARGET = 15.0;
				LD_RUNPATH_SEARCH_PATHS = (
					"$(inherited)",
					"@executable_path/Frameworks",
				);
				MARKETING_VERSION = 2.0.0;
				OTHER_LDFLAGS = (
					"-framework",
					SafariServices,
					"-framework",
					WebKit,
				);
				PRODUCT_BUNDLE_IDENTIFIER = "com.topmonks.hlidac-shopu";
				PRODUCT_NAME = App;
				PROVISIONING_PROFILE_SPECIFIER = "";
				SDKROOT = iphoneos;
				SWIFT_EMIT_LOC_STRINGS = YES;
				SWIFT_VERSION = 5.0;
				TARGETED_DEVICE_FAMILY = "1,2";
				VALIDATE_PRODUCT = YES;
			};
			name = Release;
		};
		82CC145027FDB81B001A030F /* Debug */ = {
			isa = XCBuildConfiguration;
			buildSettings = {
				CODE_SIGN_ENTITLEMENTS = "macOS (Extension)/hlidac shopu.entitlements";
				CODE_SIGN_IDENTITY = "Apple Development";
				CODE_SIGN_STYLE = Automatic;
				CURRENT_PROJECT_VERSION = 10;
				DEVELOPMENT_TEAM = 8P5697C5H7;
				ENABLE_HARDENED_RUNTIME = YES;
				GENERATE_INFOPLIST_FILE = YES;
				INFOPLIST_FILE = "macOS (Extension)/Info.plist";
				INFOPLIST_KEY_CFBundleDisplayName = "Hlídač Shopů Rozsšíření";
				INFOPLIST_KEY_NSHumanReadableCopyright = "";
				LD_RUNPATH_SEARCH_PATHS = (
					"$(inherited)",
					"@executable_path/../Frameworks",
					"@executable_path/../../../../Frameworks",
				);
				MACOSX_DEPLOYMENT_TARGET = 10.14;
				MARKETING_VERSION = 2.0.0;
				OTHER_LDFLAGS = (
					"-framework",
					SafariServices,
				);
				PRODUCT_BUNDLE_IDENTIFIER = "com.topmonks.hlidac-shopu.Extension";
				PRODUCT_NAME = "App Extension";
				PROVISIONING_PROFILE_SPECIFIER = "";
				SDKROOT = macosx;
				SKIP_INSTALL = YES;
				SWIFT_EMIT_LOC_STRINGS = YES;
				SWIFT_VERSION = 5.0;
			};
			name = Debug;
		};
		82CC145127FDB81B001A030F /* Release */ = {
			isa = XCBuildConfiguration;
			buildSettings = {
				CODE_SIGN_ENTITLEMENTS = "macOS (Extension)/hlidac shopu.entitlements";
				CODE_SIGN_IDENTITY = "Apple Development";
				CODE_SIGN_STYLE = Automatic;
				CURRENT_PROJECT_VERSION = 10;
				DEVELOPMENT_TEAM = 8P5697C5H7;
				ENABLE_HARDENED_RUNTIME = YES;
				GENERATE_INFOPLIST_FILE = YES;
				INFOPLIST_FILE = "macOS (Extension)/Info.plist";
				INFOPLIST_KEY_CFBundleDisplayName = "Hlídač Shopů Rozsšíření";
				INFOPLIST_KEY_NSHumanReadableCopyright = "";
				LD_RUNPATH_SEARCH_PATHS = (
					"$(inherited)",
					"@executable_path/../Frameworks",
					"@executable_path/../../../../Frameworks",
				);
				MACOSX_DEPLOYMENT_TARGET = 10.14;
				MARKETING_VERSION = 2.0.0;
				OTHER_LDFLAGS = (
					"-framework",
					SafariServices,
				);
				PRODUCT_BUNDLE_IDENTIFIER = "com.topmonks.hlidac-shopu.Extension";
				PRODUCT_NAME = "App Extension";
				PROVISIONING_PROFILE_SPECIFIER = "";
				SDKROOT = macosx;
				SKIP_INSTALL = YES;
				SWIFT_EMIT_LOC_STRINGS = YES;
				SWIFT_VERSION = 5.0;
			};
			name = Release;
		};
		82CC145427FDB81B001A030F /* Debug */ = {
			isa = XCBuildConfiguration;
			buildSettings = {
				ALWAYS_EMBED_SWIFT_STANDARD_LIBRARIES = YES;
				ASSETCATALOG_COMPILER_APPICON_NAME = AppIcon;
				ASSETCATALOG_COMPILER_GLOBAL_ACCENT_COLOR_NAME = AccentColor;
				CODE_SIGN_ENTITLEMENTS = "macOS (App)/hlidac shopu.entitlements";
				CODE_SIGN_IDENTITY = "Apple Development";
				CODE_SIGN_STYLE = Automatic;
				CURRENT_PROJECT_VERSION = 10;
				DEVELOPMENT_TEAM = 8P5697C5H7;
				ENABLE_HARDENED_RUNTIME = YES;
				GENERATE_INFOPLIST_FILE = YES;
				INFOPLIST_FILE = "App-macOS-Info.plist";
				INFOPLIST_KEY_CFBundleDisplayName = "Hlídač Shopů";
				INFOPLIST_KEY_LSApplicationCategoryType = "public.app-category.shopping";
				INFOPLIST_KEY_NSMainStoryboardFile = Main;
				INFOPLIST_KEY_NSPrincipalClass = NSApplication;
				LD_RUNPATH_SEARCH_PATHS = (
					"$(inherited)",
					"@executable_path/../Frameworks",
				);
				MACOSX_DEPLOYMENT_TARGET = 10.14;
				MARKETING_VERSION = 2.0.0;
				OTHER_LDFLAGS = (
					"-framework",
					SafariServices,
					"-framework",
					WebKit,
				);
				PRODUCT_BUNDLE_IDENTIFIER = "com.topmonks.hlidac-shopu";
				PRODUCT_NAME = App;
				PROVISIONING_PROFILE_SPECIFIER = "";
				SDKROOT = macosx;
				SWIFT_EMIT_LOC_STRINGS = YES;
				SWIFT_VERSION = 5.0;
			};
			name = Debug;
		};
		82CC145527FDB81B001A030F /* Release */ = {
			isa = XCBuildConfiguration;
			buildSettings = {
				ALWAYS_EMBED_SWIFT_STANDARD_LIBRARIES = YES;
				ASSETCATALOG_COMPILER_APPICON_NAME = AppIcon;
				ASSETCATALOG_COMPILER_GLOBAL_ACCENT_COLOR_NAME = AccentColor;
				CODE_SIGN_ENTITLEMENTS = "macOS (App)/hlidac shopu.entitlements";
				CODE_SIGN_IDENTITY = "Apple Development";
				CODE_SIGN_STYLE = Automatic;
				CURRENT_PROJECT_VERSION = 10;
				DEVELOPMENT_TEAM = 8P5697C5H7;
				ENABLE_HARDENED_RUNTIME = YES;
				GENERATE_INFOPLIST_FILE = YES;
				INFOPLIST_FILE = "App-macOS-Info.plist";
				INFOPLIST_KEY_CFBundleDisplayName = "Hlídač Shopů";
				INFOPLIST_KEY_LSApplicationCategoryType = "public.app-category.shopping";
				INFOPLIST_KEY_NSMainStoryboardFile = Main;
				INFOPLIST_KEY_NSPrincipalClass = NSApplication;
				LD_RUNPATH_SEARCH_PATHS = (
					"$(inherited)",
					"@executable_path/../Frameworks",
				);
				MACOSX_DEPLOYMENT_TARGET = 10.14;
				MARKETING_VERSION = 2.0.0;
				OTHER_LDFLAGS = (
					"-framework",
					SafariServices,
					"-framework",
					WebKit,
				);
				PRODUCT_BUNDLE_IDENTIFIER = "com.topmonks.hlidac-shopu";
				PRODUCT_NAME = App;
				PROVISIONING_PROFILE_SPECIFIER = "";
				SDKROOT = macosx;
				SWIFT_EMIT_LOC_STRINGS = YES;
				SWIFT_VERSION = 5.0;
			};
			name = Release;
		};
/* End XCBuildConfiguration section */

/* Begin XCConfigurationList section */
		8291833027FF10E900CAFD3A /* Build configuration list for PBXNativeTarget "App ShareExtension" */ = {
			isa = XCConfigurationList;
			buildConfigurations = (
				8291832E27FF10E900CAFD3A /* Debug */,
				8291832F27FF10E900CAFD3A /* Release */,
			);
			defaultConfigurationIsVisible = 0;
			defaultConfigurationName = Release;
		};
		82CC13E027FDB81A001A030F /* Build configuration list for PBXProject "App" */ = {
			isa = XCConfigurationList;
			buildConfigurations = (
				82CC144627FDB81B001A030F /* Debug */,
				82CC144727FDB81B001A030F /* Release */,
			);
			defaultConfigurationIsVisible = 0;
			defaultConfigurationName = Release;
		};
		82CC144827FDB81B001A030F /* Build configuration list for PBXNativeTarget "App Extension (iOS)" */ = {
			isa = XCConfigurationList;
			buildConfigurations = (
				82CC144927FDB81B001A030F /* Debug */,
				82CC144A27FDB81B001A030F /* Release */,
			);
			defaultConfigurationIsVisible = 0;
			defaultConfigurationName = Release;
		};
		82CC144C27FDB81B001A030F /* Build configuration list for PBXNativeTarget "iOS app" */ = {
			isa = XCConfigurationList;
			buildConfigurations = (
				82CC144D27FDB81B001A030F /* Debug */,
				82CC144E27FDB81B001A030F /* Release */,
			);
			defaultConfigurationIsVisible = 0;
			defaultConfigurationName = Release;
		};
		82CC144F27FDB81B001A030F /* Build configuration list for PBXNativeTarget "App Extension (macOS)" */ = {
			isa = XCConfigurationList;
			buildConfigurations = (
				82CC145027FDB81B001A030F /* Debug */,
				82CC145127FDB81B001A030F /* Release */,
			);
			defaultConfigurationIsVisible = 0;
			defaultConfigurationName = Release;
		};
		82CC145327FDB81B001A030F /* Build configuration list for PBXNativeTarget "macOS app" */ = {
			isa = XCConfigurationList;
			buildConfigurations = (
				82CC145427FDB81B001A030F /* Debug */,
				82CC145527FDB81B001A030F /* Release */,
			);
			defaultConfigurationIsVisible = 0;
			defaultConfigurationName = Release;
		};
/* End XCConfigurationList section */
	};
	rootObject = 82CC13DD27FDB81A001A030F /* Project object */;
}
