// !$*UTF8*$!
{
	archiveVersion = 1;
	classes = {
	};
	objectVersion = 50;
	objects = {

/* Begin PBXBuildFile section */
		82533A10238571C500D33C43 /* hlidac_shopu.entitlements in Resources */ = {isa = PBXBuildFile; fileRef = 82533A0F238571C500D33C43 /* hlidac_shopu.entitlements */; };
		82533A12238571C500D33C43 /* AppDelegate.swift in Sources */ = {isa = PBXBuildFile; fileRef = 82533A11238571C500D33C43 /* AppDelegate.swift */; };
		82533A15238571C500D33C43 /* Main.storyboard in Resources */ = {isa = PBXBuildFile; fileRef = 82533A13238571C500D33C43 /* Main.storyboard */; };
		82533A17238571C500D33C43 /* ViewController.swift in Sources */ = {isa = PBXBuildFile; fileRef = 82533A16238571C500D33C43 /* ViewController.swift */; };
		82533A19238571C600D33C43 /* Assets.xcassets in Resources */ = {isa = PBXBuildFile; fileRef = 82533A18238571C600D33C43 /* Assets.xcassets */; };
		82533A20238571C600D33C43 /* hlidac-shopu Extension.appex in Embed App Extensions */ = {isa = PBXBuildFile; fileRef = 82533A1F238571C600D33C43 /* hlidac-shopu Extension.appex */; settings = {ATTRIBUTES = (RemoveHeadersOnCopy, ); }; };
		82533A25238571C600D33C43 /* Cocoa.framework in Frameworks */ = {isa = PBXBuildFile; fileRef = 82533A24238571C600D33C43 /* Cocoa.framework */; };
		82533A28238571C600D33C43 /* SafariExtensionHandler.swift in Sources */ = {isa = PBXBuildFile; fileRef = 82533A27238571C600D33C43 /* SafariExtensionHandler.swift */; };
		82533A2A238571C600D33C43 /* SafariExtensionViewController.swift in Sources */ = {isa = PBXBuildFile; fileRef = 82533A29238571C600D33C43 /* SafariExtensionViewController.swift */; };
		82533A2D238571C600D33C43 /* SafariExtensionViewController.xib in Resources */ = {isa = PBXBuildFile; fileRef = 82533A2B238571C600D33C43 /* SafariExtensionViewController.xib */; };
		82533A30238571C600D33C43 /* script.js in Resources */ = {isa = PBXBuildFile; fileRef = 82533A2F238571C600D33C43 /* script.js */; };
		82533A32238571C600D33C43 /* ToolbarItemIcon.pdf in Resources */ = {isa = PBXBuildFile; fileRef = 82533A31238571C600D33C43 /* ToolbarItemIcon.pdf */; };
/* End PBXBuildFile section */

/* Begin PBXContainerItemProxy section */
		82533A21238571C600D33C43 /* PBXContainerItemProxy */ = {
			isa = PBXContainerItemProxy;
			containerPortal = 82533A04238571C500D33C43 /* Project object */;
			proxyType = 1;
			remoteGlobalIDString = 82533A1E238571C600D33C43;
			remoteInfo = "hlidac-shopu Extension";
		};
/* End PBXContainerItemProxy section */

/* Begin PBXCopyFilesBuildPhase section */
		82533A39238571C600D33C43 /* Embed App Extensions */ = {
			isa = PBXCopyFilesBuildPhase;
			buildActionMask = 2147483647;
			dstPath = "";
			dstSubfolderSpec = 13;
			files = (
				82533A20238571C600D33C43 /* hlidac-shopu Extension.appex in Embed App Extensions */,
			);
			name = "Embed App Extensions";
			runOnlyForDeploymentPostprocessing = 0;
		};
/* End PBXCopyFilesBuildPhase section */

/* Begin PBXFileReference section */
		82533A0C238571C500D33C43 /* hlidac-shopu.app */ = {isa = PBXFileReference; explicitFileType = wrapper.application; includeInIndex = 0; path = "hlidac-shopu.app"; sourceTree = BUILT_PRODUCTS_DIR; };
		82533A0F238571C500D33C43 /* hlidac_shopu.entitlements */ = {isa = PBXFileReference; lastKnownFileType = text.plist.entitlements; path = hlidac_shopu.entitlements; sourceTree = "<group>"; };
		82533A11238571C500D33C43 /* AppDelegate.swift */ = {isa = PBXFileReference; lastKnownFileType = sourcecode.swift; path = AppDelegate.swift; sourceTree = "<group>"; };
		82533A14238571C500D33C43 /* Base */ = {isa = PBXFileReference; lastKnownFileType = file.storyboard; name = Base; path = Base.lproj/Main.storyboard; sourceTree = "<group>"; };
		82533A16238571C500D33C43 /* ViewController.swift */ = {isa = PBXFileReference; lastKnownFileType = sourcecode.swift; path = ViewController.swift; sourceTree = "<group>"; };
		82533A18238571C600D33C43 /* Assets.xcassets */ = {isa = PBXFileReference; lastKnownFileType = folder.assetcatalog; path = Assets.xcassets; sourceTree = "<group>"; };
		82533A1A238571C600D33C43 /* Info.plist */ = {isa = PBXFileReference; lastKnownFileType = text.plist.xml; path = Info.plist; sourceTree = "<group>"; };
		82533A1F238571C600D33C43 /* hlidac-shopu Extension.appex */ = {isa = PBXFileReference; explicitFileType = "wrapper.app-extension"; includeInIndex = 0; path = "hlidac-shopu Extension.appex"; sourceTree = BUILT_PRODUCTS_DIR; };
		82533A24238571C600D33C43 /* Cocoa.framework */ = {isa = PBXFileReference; lastKnownFileType = wrapper.framework; name = Cocoa.framework; path = System/Library/Frameworks/Cocoa.framework; sourceTree = SDKROOT; };
		82533A27238571C600D33C43 /* SafariExtensionHandler.swift */ = {isa = PBXFileReference; lastKnownFileType = sourcecode.swift; path = SafariExtensionHandler.swift; sourceTree = "<group>"; };
		82533A29238571C600D33C43 /* SafariExtensionViewController.swift */ = {isa = PBXFileReference; lastKnownFileType = sourcecode.swift; path = SafariExtensionViewController.swift; sourceTree = "<group>"; };
		82533A2C238571C600D33C43 /* Base */ = {isa = PBXFileReference; lastKnownFileType = file.xib; name = Base; path = Base.lproj/SafariExtensionViewController.xib; sourceTree = "<group>"; };
		82533A2E238571C600D33C43 /* Info.plist */ = {isa = PBXFileReference; lastKnownFileType = text.plist.xml; path = Info.plist; sourceTree = "<group>"; };
		82533A2F238571C600D33C43 /* script.js */ = {isa = PBXFileReference; lastKnownFileType = sourcecode.javascript; path = script.js; sourceTree = "<group>"; };
		82533A31238571C600D33C43 /* ToolbarItemIcon.pdf */ = {isa = PBXFileReference; lastKnownFileType = image.pdf; path = ToolbarItemIcon.pdf; sourceTree = "<group>"; };
		82533A33238571C600D33C43 /* hlidac_shopu_Extension.entitlements */ = {isa = PBXFileReference; lastKnownFileType = text.plist.entitlements; path = hlidac_shopu_Extension.entitlements; sourceTree = "<group>"; };
/* End PBXFileReference section */

/* Begin PBXFrameworksBuildPhase section */
		82533A09238571C500D33C43 /* Frameworks */ = {
			isa = PBXFrameworksBuildPhase;
			buildActionMask = 2147483647;
			files = (
			);
			runOnlyForDeploymentPostprocessing = 0;
		};
		82533A1C238571C600D33C43 /* Frameworks */ = {
			isa = PBXFrameworksBuildPhase;
			buildActionMask = 2147483647;
			files = (
				82533A25238571C600D33C43 /* Cocoa.framework in Frameworks */,
			);
			runOnlyForDeploymentPostprocessing = 0;
		};
/* End PBXFrameworksBuildPhase section */

/* Begin PBXGroup section */
		82533A03238571C500D33C43 = {
			isa = PBXGroup;
			children = (
				82533A0E238571C500D33C43 /* hlidac-shopu */,
				82533A26238571C600D33C43 /* hlidac-shopu Extension */,
				82533A23238571C600D33C43 /* Frameworks */,
				82533A0D238571C500D33C43 /* Products */,
			);
			sourceTree = "<group>";
		};
		82533A0D238571C500D33C43 /* Products */ = {
			isa = PBXGroup;
			children = (
				82533A0C238571C500D33C43 /* hlidac-shopu.app */,
				82533A1F238571C600D33C43 /* hlidac-shopu Extension.appex */,
			);
			name = Products;
			sourceTree = "<group>";
		};
		82533A0E238571C500D33C43 /* hlidac-shopu */ = {
			isa = PBXGroup;
			children = (
				82533A0F238571C500D33C43 /* hlidac_shopu.entitlements */,
				82533A11238571C500D33C43 /* AppDelegate.swift */,
				82533A13238571C500D33C43 /* Main.storyboard */,
				82533A16238571C500D33C43 /* ViewController.swift */,
				82533A18238571C600D33C43 /* Assets.xcassets */,
				82533A1A238571C600D33C43 /* Info.plist */,
			);
			path = "hlidac-shopu";
			sourceTree = "<group>";
		};
		82533A23238571C600D33C43 /* Frameworks */ = {
			isa = PBXGroup;
			children = (
				82533A24238571C600D33C43 /* Cocoa.framework */,
			);
			name = Frameworks;
			sourceTree = "<group>";
		};
		82533A26238571C600D33C43 /* hlidac-shopu Extension */ = {
			isa = PBXGroup;
			children = (
				82533A27238571C600D33C43 /* SafariExtensionHandler.swift */,
				82533A29238571C600D33C43 /* SafariExtensionViewController.swift */,
				82533A2B238571C600D33C43 /* SafariExtensionViewController.xib */,
				82533A2E238571C600D33C43 /* Info.plist */,
				82533A2F238571C600D33C43 /* script.js */,
				82533A31238571C600D33C43 /* ToolbarItemIcon.pdf */,
				82533A33238571C600D33C43 /* hlidac_shopu_Extension.entitlements */,
			);
			path = "hlidac-shopu Extension";
			sourceTree = "<group>";
		};
/* End PBXGroup section */

/* Begin PBXNativeTarget section */
		82533A0B238571C500D33C43 /* hlidac-shopu */ = {
			isa = PBXNativeTarget;
			buildConfigurationList = 82533A3A238571C600D33C43 /* Build configuration list for PBXNativeTarget "hlidac-shopu" */;
			buildPhases = (
				82533A08238571C500D33C43 /* Sources */,
				82533A09238571C500D33C43 /* Frameworks */,
				82533A0A238571C500D33C43 /* Resources */,
				82533A39238571C600D33C43 /* Embed App Extensions */,
			);
			buildRules = (
			);
			dependencies = (
				82533A22238571C600D33C43 /* PBXTargetDependency */,
			);
			name = "hlidac-shopu";
			productName = "hlidac-shopu";
			productReference = 82533A0C238571C500D33C43 /* hlidac-shopu.app */;
			productType = "com.apple.product-type.application";
		};
		82533A1E238571C600D33C43 /* hlidac-shopu Extension */ = {
			isa = PBXNativeTarget;
			buildConfigurationList = 82533A36238571C600D33C43 /* Build configuration list for PBXNativeTarget "hlidac-shopu Extension" */;
			buildPhases = (
				82533A1B238571C600D33C43 /* Sources */,
				82533A1C238571C600D33C43 /* Frameworks */,
				82533A1D238571C600D33C43 /* Resources */,
			);
			buildRules = (
			);
			dependencies = (
			);
			name = "hlidac-shopu Extension";
			productName = "hlidac-shopu Extension";
			productReference = 82533A1F238571C600D33C43 /* hlidac-shopu Extension.appex */;
			productType = "com.apple.product-type.app-extension";
		};
/* End PBXNativeTarget section */

/* Begin PBXProject section */
		82533A04238571C500D33C43 /* Project object */ = {
			isa = PBXProject;
			attributes = {
				LastSwiftUpdateCheck = 1120;
				LastUpgradeCheck = 1120;
				ORGANIZATIONNAME = "Daniel Hromada";
				TargetAttributes = {
					82533A0B238571C500D33C43 = {
						CreatedOnToolsVersion = 11.2.1;
					};
					82533A1E238571C600D33C43 = {
						CreatedOnToolsVersion = 11.2.1;
					};
				};
			};
			buildConfigurationList = 82533A07238571C500D33C43 /* Build configuration list for PBXProject "hlidac-shopu" */;
			compatibilityVersion = "Xcode 9.3";
			developmentRegion = en;
			hasScannedForEncodings = 0;
			knownRegions = (
				en,
				Base,
			);
			mainGroup = 82533A03238571C500D33C43;
			productRefGroup = 82533A0D238571C500D33C43 /* Products */;
			projectDirPath = "";
			projectRoot = "";
			targets = (
				82533A0B238571C500D33C43 /* hlidac-shopu */,
				82533A1E238571C600D33C43 /* hlidac-shopu Extension */,
			);
		};
/* End PBXProject section */

/* Begin PBXResourcesBuildPhase section */
		82533A0A238571C500D33C43 /* Resources */ = {
			isa = PBXResourcesBuildPhase;
			buildActionMask = 2147483647;
			files = (
				82533A10238571C500D33C43 /* hlidac_shopu.entitlements in Resources */,
				82533A19238571C600D33C43 /* Assets.xcassets in Resources */,
				82533A15238571C500D33C43 /* Main.storyboard in Resources */,
			);
			runOnlyForDeploymentPostprocessing = 0;
		};
		82533A1D238571C600D33C43 /* Resources */ = {
			isa = PBXResourcesBuildPhase;
			buildActionMask = 2147483647;
			files = (
				82533A32238571C600D33C43 /* ToolbarItemIcon.pdf in Resources */,
				82533A2D238571C600D33C43 /* SafariExtensionViewController.xib in Resources */,
				82533A30238571C600D33C43 /* script.js in Resources */,
			);
			runOnlyForDeploymentPostprocessing = 0;
		};
/* End PBXResourcesBuildPhase section */

/* Begin PBXSourcesBuildPhase section */
		82533A08238571C500D33C43 /* Sources */ = {
			isa = PBXSourcesBuildPhase;
			buildActionMask = 2147483647;
			files = (
				82533A17238571C500D33C43 /* ViewController.swift in Sources */,
				82533A12238571C500D33C43 /* AppDelegate.swift in Sources */,
			);
			runOnlyForDeploymentPostprocessing = 0;
		};
		82533A1B238571C600D33C43 /* Sources */ = {
			isa = PBXSourcesBuildPhase;
			buildActionMask = 2147483647;
			files = (
				82533A2A238571C600D33C43 /* SafariExtensionViewController.swift in Sources */,
				82533A28238571C600D33C43 /* SafariExtensionHandler.swift in Sources */,
			);
			runOnlyForDeploymentPostprocessing = 0;
		};
/* End PBXSourcesBuildPhase section */

/* Begin PBXTargetDependency section */
		82533A22238571C600D33C43 /* PBXTargetDependency */ = {
			isa = PBXTargetDependency;
			target = 82533A1E238571C600D33C43 /* hlidac-shopu Extension */;
			targetProxy = 82533A21238571C600D33C43 /* PBXContainerItemProxy */;
		};
/* End PBXTargetDependency section */

/* Begin PBXVariantGroup section */
		82533A13238571C500D33C43 /* Main.storyboard */ = {
			isa = PBXVariantGroup;
			children = (
				82533A14238571C500D33C43 /* Base */,
			);
			name = Main.storyboard;
			sourceTree = "<group>";
		};
		82533A2B238571C600D33C43 /* SafariExtensionViewController.xib */ = {
			isa = PBXVariantGroup;
			children = (
				82533A2C238571C600D33C43 /* Base */,
			);
			name = SafariExtensionViewController.xib;
			sourceTree = "<group>";
		};
/* End PBXVariantGroup section */

/* Begin XCBuildConfiguration section */
		82533A34238571C600D33C43 /* Debug */ = {
			isa = XCBuildConfiguration;
			buildSettings = {
				ALWAYS_SEARCH_USER_PATHS = NO;
				CLANG_ANALYZER_NONNULL = YES;
				CLANG_ANALYZER_NUMBER_OBJECT_CONVERSION = YES_AGGRESSIVE;
				CLANG_CXX_LANGUAGE_STANDARD = "gnu++14";
				CLANG_CXX_LIBRARY = "libc++";
				CLANG_ENABLE_MODULES = YES;
				CLANG_ENABLE_OBJC_ARC = YES;
				CLANG_ENABLE_OBJC_WEAK = YES;
				CLANG_WARN_BLOCK_CAPTURE_AUTORELEASING = YES;
				CLANG_WARN_BOOL_CONVERSION = YES;
				CLANG_WARN_COMMA = YES;
				CLANG_WARN_CONSTANT_CONVERSION = YES;
				CLANG_WARN_DEPRECATED_OBJC_IMPLEMENTATIONS = YES;
				CLANG_WARN_DIRECT_OBJC_ISA_USAGE = YES_ERROR;
				CLANG_WARN_DOCUMENTATION_COMMENTS = YES;
				CLANG_WARN_EMPTY_BODY = YES;
				CLANG_WARN_ENUM_CONVERSION = YES;
				CLANG_WARN_INFINITE_RECURSION = YES;
				CLANG_WARN_INT_CONVERSION = YES;
				CLANG_WARN_NON_LITERAL_NULL_CONVERSION = YES;
				CLANG_WARN_OBJC_IMPLICIT_RETAIN_SELF = YES;
				CLANG_WARN_OBJC_LITERAL_CONVERSION = YES;
				CLANG_WARN_OBJC_ROOT_CLASS = YES_ERROR;
				CLANG_WARN_RANGE_LOOP_ANALYSIS = YES;
				CLANG_WARN_STRICT_PROTOTYPES = YES;
				CLANG_WARN_SUSPICIOUS_MOVE = YES;
				CLANG_WARN_UNGUARDED_AVAILABILITY = YES_AGGRESSIVE;
				CLANG_WARN_UNREACHABLE_CODE = YES;
				CLANG_WARN__DUPLICATE_METHOD_MATCH = YES;
				COPY_PHASE_STRIP = NO;
				DEBUG_INFORMATION_FORMAT = dwarf;
				ENABLE_STRICT_OBJC_MSGSEND = YES;
				ENABLE_TESTABILITY = YES;
				GCC_C_LANGUAGE_STANDARD = gnu11;
				GCC_DYNAMIC_NO_PIC = NO;
				GCC_NO_COMMON_BLOCKS = YES;
				GCC_OPTIMIZATION_LEVEL = 0;
				GCC_PREPROCESSOR_DEFINITIONS = (
					"DEBUG=1",
					"$(inherited)",
				);
				GCC_WARN_64_TO_32_BIT_CONVERSION = YES;
				GCC_WARN_ABOUT_RETURN_TYPE = YES_ERROR;
				GCC_WARN_UNDECLARED_SELECTOR = YES;
				GCC_WARN_UNINITIALIZED_AUTOS = YES_AGGRESSIVE;
				GCC_WARN_UNUSED_FUNCTION = YES;
				GCC_WARN_UNUSED_VARIABLE = YES;
				MACOSX_DEPLOYMENT_TARGET = 10.14;
				MTL_ENABLE_DEBUG_INFO = INCLUDE_SOURCE;
				MTL_FAST_MATH = YES;
				ONLY_ACTIVE_ARCH = YES;
				SDKROOT = macosx;
				SWIFT_ACTIVE_COMPILATION_CONDITIONS = DEBUG;
				SWIFT_OPTIMIZATION_LEVEL = "-Onone";
			};
			name = Debug;
		};
		82533A35238571C600D33C43 /* Release */ = {
			isa = XCBuildConfiguration;
			buildSettings = {
				ALWAYS_SEARCH_USER_PATHS = NO;
				CLANG_ANALYZER_NONNULL = YES;
				CLANG_ANALYZER_NUMBER_OBJECT_CONVERSION = YES_AGGRESSIVE;
				CLANG_CXX_LANGUAGE_STANDARD = "gnu++14";
				CLANG_CXX_LIBRARY = "libc++";
				CLANG_ENABLE_MODULES = YES;
				CLANG_ENABLE_OBJC_ARC = YES;
				CLANG_ENABLE_OBJC_WEAK = YES;
				CLANG_WARN_BLOCK_CAPTURE_AUTORELEASING = YES;
				CLANG_WARN_BOOL_CONVERSION = YES;
				CLANG_WARN_COMMA = YES;
				CLANG_WARN_CONSTANT_CONVERSION = YES;
				CLANG_WARN_DEPRECATED_OBJC_IMPLEMENTATIONS = YES;
				CLANG_WARN_DIRECT_OBJC_ISA_USAGE = YES_ERROR;
				CLANG_WARN_DOCUMENTATION_COMMENTS = YES;
				CLANG_WARN_EMPTY_BODY = YES;
				CLANG_WARN_ENUM_CONVERSION = YES;
				CLANG_WARN_INFINITE_RECURSION = YES;
				CLANG_WARN_INT_CONVERSION = YES;
				CLANG_WARN_NON_LITERAL_NULL_CONVERSION = YES;
				CLANG_WARN_OBJC_IMPLICIT_RETAIN_SELF = YES;
				CLANG_WARN_OBJC_LITERAL_CONVERSION = YES;
				CLANG_WARN_OBJC_ROOT_CLASS = YES_ERROR;
				CLANG_WARN_RANGE_LOOP_ANALYSIS = YES;
				CLANG_WARN_STRICT_PROTOTYPES = YES;
				CLANG_WARN_SUSPICIOUS_MOVE = YES;
				CLANG_WARN_UNGUARDED_AVAILABILITY = YES_AGGRESSIVE;
				CLANG_WARN_UNREACHABLE_CODE = YES;
				CLANG_WARN__DUPLICATE_METHOD_MATCH = YES;
				COPY_PHASE_STRIP = NO;
				DEBUG_INFORMATION_FORMAT = "dwarf-with-dsym";
				ENABLE_NS_ASSERTIONS = NO;
				ENABLE_STRICT_OBJC_MSGSEND = YES;
				GCC_C_LANGUAGE_STANDARD = gnu11;
				GCC_NO_COMMON_BLOCKS = YES;
				GCC_WARN_64_TO_32_BIT_CONVERSION = YES;
				GCC_WARN_ABOUT_RETURN_TYPE = YES_ERROR;
				GCC_WARN_UNDECLARED_SELECTOR = YES;
				GCC_WARN_UNINITIALIZED_AUTOS = YES_AGGRESSIVE;
				GCC_WARN_UNUSED_FUNCTION = YES;
				GCC_WARN_UNUSED_VARIABLE = YES;
				MACOSX_DEPLOYMENT_TARGET = 10.14;
				MTL_ENABLE_DEBUG_INFO = NO;
				MTL_FAST_MATH = YES;
				SDKROOT = macosx;
				SWIFT_COMPILATION_MODE = wholemodule;
				SWIFT_OPTIMIZATION_LEVEL = "-O";
			};
			name = Release;
		};
		82533A37238571C600D33C43 /* Debug */ = {
			isa = XCBuildConfiguration;
			buildSettings = {
				CODE_SIGN_ENTITLEMENTS = "hlidac-shopu Extension/hlidac_shopu_Extension.entitlements";
				CODE_SIGN_STYLE = Automatic;
				DEVELOPMENT_TEAM = 8P5697C5H7;
				ENABLE_HARDENED_RUNTIME = YES;
				INFOPLIST_FILE = "hlidac-shopu Extension/Info.plist";
				LD_RUNPATH_SEARCH_PATHS = (
					"$(inherited)",
					"@executable_path/../Frameworks",
					"@executable_path/../../../../Frameworks",
				);
				PRODUCT_BUNDLE_IDENTIFIER = "com.topmonks.hlidac-shopu.extension";
				PRODUCT_NAME = "$(TARGET_NAME)";
				SKIP_INSTALL = YES;
				SWIFT_VERSION = 5.0;
			};
			name = Debug;
		};
		82533A38238571C600D33C43 /* Release */ = {
			isa = XCBuildConfiguration;
			buildSettings = {
				CODE_SIGN_ENTITLEMENTS = "hlidac-shopu Extension/hlidac_shopu_Extension.entitlements";
				CODE_SIGN_STYLE = Automatic;
				DEVELOPMENT_TEAM = 8P5697C5H7;
				ENABLE_HARDENED_RUNTIME = YES;
				INFOPLIST_FILE = "hlidac-shopu Extension/Info.plist";
				LD_RUNPATH_SEARCH_PATHS = (
					"$(inherited)",
					"@executable_path/../Frameworks",
					"@executable_path/../../../../Frameworks",
				);
				PRODUCT_BUNDLE_IDENTIFIER = "com.topmonks.hlidac-shopu.extension";
				PRODUCT_NAME = "$(TARGET_NAME)";
				SKIP_INSTALL = YES;
				SWIFT_VERSION = 5.0;
			};
			name = Release;
		};
		82533A3B238571C600D33C43 /* Debug */ = {
			isa = XCBuildConfiguration;
			buildSettings = {
				ALWAYS_EMBED_SWIFT_STANDARD_LIBRARIES = YES;
				ASSETCATALOG_COMPILER_APPICON_NAME = AppIcon;
				CODE_SIGN_ENTITLEMENTS = "hlidac-shopu/hlidac_shopu.entitlements";
				CODE_SIGN_STYLE = Automatic;
				COMBINE_HIDPI_IMAGES = YES;
				DEVELOPMENT_TEAM = 8P5697C5H7;
				ENABLE_HARDENED_RUNTIME = YES;
				INFOPLIST_FILE = "hlidac-shopu/Info.plist";
				LD_RUNPATH_SEARCH_PATHS = (
					"$(inherited)",
					"@executable_path/../Frameworks",
				);
				PRODUCT_BUNDLE_IDENTIFIER = "com.topmonks.hlidac-shopu";
				PRODUCT_NAME = "$(TARGET_NAME)";
				SWIFT_VERSION = 5.0;
			};
			name = Debug;
		};
		82533A3C238571C600D33C43 /* Release */ = {
			isa = XCBuildConfiguration;
			buildSettings = {
				ALWAYS_EMBED_SWIFT_STANDARD_LIBRARIES = YES;
				ASSETCATALOG_COMPILER_APPICON_NAME = AppIcon;
				CODE_SIGN_ENTITLEMENTS = "hlidac-shopu/hlidac_shopu.entitlements";
				CODE_SIGN_STYLE = Automatic;
				COMBINE_HIDPI_IMAGES = YES;
				DEVELOPMENT_TEAM = 8P5697C5H7;
				ENABLE_HARDENED_RUNTIME = YES;
				INFOPLIST_FILE = "hlidac-shopu/Info.plist";
				LD_RUNPATH_SEARCH_PATHS = (
					"$(inherited)",
					"@executable_path/../Frameworks",
				);
				PRODUCT_BUNDLE_IDENTIFIER = "com.topmonks.hlidac-shopu";
				PRODUCT_NAME = "$(TARGET_NAME)";
				SWIFT_VERSION = 5.0;
			};
			name = Release;
		};
/* End XCBuildConfiguration section */

/* Begin XCConfigurationList section */
		82533A07238571C500D33C43 /* Build configuration list for PBXProject "hlidac-shopu" */ = {
			isa = XCConfigurationList;
			buildConfigurations = (
				82533A34238571C600D33C43 /* Debug */,
				82533A35238571C600D33C43 /* Release */,
			);
			defaultConfigurationIsVisible = 0;
			defaultConfigurationName = Release;
		};
		82533A36238571C600D33C43 /* Build configuration list for PBXNativeTarget "hlidac-shopu Extension" */ = {
			isa = XCConfigurationList;
			buildConfigurations = (
				82533A37238571C600D33C43 /* Debug */,
				82533A38238571C600D33C43 /* Release */,
			);
			defaultConfigurationIsVisible = 0;
			defaultConfigurationName = Release;
		};
		82533A3A238571C600D33C43 /* Build configuration list for PBXNativeTarget "hlidac-shopu" */ = {
			isa = XCConfigurationList;
			buildConfigurations = (
				82533A3B238571C600D33C43 /* Debug */,
				82533A3C238571C600D33C43 /* Release */,
			);
			defaultConfigurationIsVisible = 0;
			defaultConfigurationName = Release;
		};
/* End XCConfigurationList section */
	};
	rootObject = 82533A04238571C500D33C43 /* Project object */;
}
